
Microsoft Visual Studio Solution File, Format Version 12.00
# Visual Studio Version 17
VisualStudioVersion = 17.0.31903.59
MinimumVisualStudioVersion = 10.0.40219.1
Project("{2150E333-8FDC-42A3-9474-1A3956D46DE8}") = "ShopModule", "ShopModule", "{9DFB846F-E47F-4E0C-B759-E5879BC1496A}"
EndProject
Project("{2150E333-8FDC-42A3-9474-1A3956D46DE8}") = "Domain", "Domain", "{9EEF7420-28FA-4F51-8FB1-092A251A39BA}"
EndProject
Project("{9A19103F-16F7-4668-BE54-9A1E7A4F7556}") = "0_Framework", "src\0_Framework\0_Framework.csproj", "{42D2EE79-BEC8-460A-873B-62E83E38AE6C}"
EndProject
Project("{2150E333-8FDC-42A3-9474-1A3956D46DE8}") = "Application.Contracts", "Application.Contracts", "{D4FD7EB2-E5DC-4387-8D70-7A1CF755E83C}"
EndProject
Project("{9A19103F-16F7-4668-BE54-9A1E7A4F7556}") = "SM.Application.Contracts", "src\Modules\ShopModule\Application.Contracts\SM.Application.Contracts\SM.Application.Contracts.csproj", "{E721DB30-B72B-4279-AA15-ACA7655C0C36}"
EndProject
Project("{2150E333-8FDC-42A3-9474-1A3956D46DE8}") = "Application", "Application", "{A710BD74-E8E7-41B4-BFDD-87197FD8D475}"
EndProject
Project("{9A19103F-16F7-4668-BE54-9A1E7A4F7556}") = "SM.Application", "src\Modules\ShopModule\Application\SM.Application\SM.Application.csproj", "{307D4BA7-014E-4ADC-B5CD-338E8F62C05E}"
EndProject
Project("{9A19103F-16F7-4668-BE54-9A1E7A4F7556}") = "SM.Domain", "src\Modules\ShopModule\Domain\SM.Domin\SM.Domain.csproj", "{BCE53CAD-1695-44DA-9551-034B173F2C4E}"
EndProject
Project("{2150E333-8FDC-42A3-9474-1A3956D46DE8}") = "Infrastructure", "Infrastructure", "{AA80FADA-65B1-40B4-948B-8D8E8334453D}"
EndProject
Project("{9A19103F-16F7-4668-BE54-9A1E7A4F7556}") = "SM.Infrastructure.Persistence", "src\Modules\ShopModule\Infrastructure\SM.Infrastructure.Persistence\SM.Infrastructure.Persistence.csproj", "{9B7490BB-7340-4D98-BB1A-89D33B12AD9D}"
EndProject
Project("{9A19103F-16F7-4668-BE54-9A1E7A4F7556}") = "SM.Infrastructure.Shared", "src\Modules\ShopModule\Infrastructure\SM.Infrastructure.Shared\SM.Infrastructure.Shared.csproj", "{3621DB4D-2A34-4B1D-901D-FF9BA450864D}"
EndProject
Project("{9A19103F-16F7-4668-BE54-9A1E7A4F7556}") = "SM.Infrastructure.Configuration", "src\Modules\ShopModule\Infrastructure\SM.Infrastructure.Configuration\SM.Infrastructure.Configuration.csproj", "{7B4BEFD5-6625-461C-86CC-7359E44F43E4}"
EndProject
Project("{2150E333-8FDC-42A3-9474-1A3956D46DE8}") = "Modules", "Modules", "{F0D447D3-A270-4E70-AC6B-0DFA63A01DC5}"
EndProject
Project("{2150E333-8FDC-42A3-9474-1A3956D46DE8}") = "WebApi", "WebApi", "{63F7B0EA-0D01-4CB3-BDAB-C7E0777D7602}"
EndProject
Project("{9A19103F-16F7-4668-BE54-9A1E7A4F7556}") = "Shoppy.WebApi", "src\WebApi\Shoppy.WebApi\Shoppy.WebApi.csproj", "{63CCC61D-BA28-4DD6-AC5C-727B7634FDB7}"
EndProject
Project("{9A19103F-16F7-4668-BE54-9A1E7A4F7556}") = "01_Shoppy.Query", "src\01_Shoppy.Query\01_Shoppy.Query.csproj", "{96D6511C-D60A-4CC0-813E-16B684BFB281}"
EndProject
Project("{2150E333-8FDC-42A3-9474-1A3956D46DE8}") = "DiscountModule", "DiscountModule", "{2246184A-3099-42EF-A407-5ABEC85D273E}"
EndProject
Project("{2150E333-8FDC-42A3-9474-1A3956D46DE8}") = "Application", "Application", "{4DE0AEF5-1F31-4C8C-A390-810DB0C2278A}"
EndProject
Project("{2150E333-8FDC-42A3-9474-1A3956D46DE8}") = "Application.Contracts", "Application.Contracts", "{DC037E3A-4272-4C07-BB6B-AA02FAC9C1FC}"
EndProject
Project("{2150E333-8FDC-42A3-9474-1A3956D46DE8}") = "Domain", "Domain", "{1F8EDF1A-D747-4176-BA93-EC3096C9F20E}"
EndProject
Project("{2150E333-8FDC-42A3-9474-1A3956D46DE8}") = "Infrastructure", "Infrastructure", "{E2D8DB07-6E85-4FC1-8234-7CE00853FAD7}"
EndProject
Project("{9A19103F-16F7-4668-BE54-9A1E7A4F7556}") = "DM.Domain", "src\Modules\DiscountModule\Domain\DM.Domain\DM.Domain.csproj", "{E45590E7-603F-4FFD-984F-1954A9A1C1CA}"
EndProject
Project("{9A19103F-16F7-4668-BE54-9A1E7A4F7556}") = "DM.Application.Contracts", "src\Modules\DiscountModule\Application.Contracts\DM.Application.Contracts\DM.Application.Contracts.csproj", "{8B141851-3187-4D72-87E1-68E82BEC8B1D}"
EndProject
Project("{9A19103F-16F7-4668-BE54-9A1E7A4F7556}") = "DM.Application", "src\Modules\DiscountModule\Application\DM.Application\DM.Application.csproj", "{24A09201-8EF8-43EE-B0D5-AFD99204AC93}"
EndProject
Project("{9A19103F-16F7-4668-BE54-9A1E7A4F7556}") = "DM.Infrastructure.Persistence", "src\Modules\DiscountModule\Infrastructure\DM.Infrastructure.Persistence\DM.Infrastructure.Persistence.csproj", "{17112D1D-EFC2-46A6-A9F2-062E1212132E}"
EndProject
Project("{9A19103F-16F7-4668-BE54-9A1E7A4F7556}") = "DM.Infrastructure.Configuration", "src\Modules\DiscountModule\Infrastructure\DM.Infrastructure.Configuration\DM.Infrastructure.Configuration.csproj", "{3E4CD681-AA84-47B4-9C3F-FB833594ADD4}"
EndProject
Project("{9A19103F-16F7-4668-BE54-9A1E7A4F7556}") = "DM.Infrastructure.Shared", "src\Modules\DiscountModule\Infrastructure\DM.Infrastructure.Shared\DM.Infrastructure.Shared.csproj", "{FA285CDF-6C6B-4514-B51C-743EA73A13A3}"
EndProject
Project("{2150E333-8FDC-42A3-9474-1A3956D46DE8}") = "InventoryModule", "InventoryModule", "{E61A8890-8A4A-4C4C-B54E-81D9DF596E58}"
EndProject
Project("{2150E333-8FDC-42A3-9474-1A3956D46DE8}") = "Application", "Application", "{23CE2CC4-3A36-436F-AE70-8961331FC5C9}"
EndProject
Project("{2150E333-8FDC-42A3-9474-1A3956D46DE8}") = "Application.Contracts", "Application.Contracts", "{A9284AF8-FFBE-4A1E-91EC-AC69EBA8BA57}"
EndProject
Project("{2150E333-8FDC-42A3-9474-1A3956D46DE8}") = "Domain", "Domain", "{320FA2E3-6BBD-41D7-8507-CEAF41D45B98}"
EndProject
Project("{2150E333-8FDC-42A3-9474-1A3956D46DE8}") = "Infrastructure", "Infrastructure", "{CF03F503-0022-46D5-A4DD-AE4CCF106404}"
EndProject
Project("{9A19103F-16F7-4668-BE54-9A1E7A4F7556}") = "IM.Domain", "src\Modules\InventoryModule\Domain\IM.Domain\IM.Domain.csproj", "{14CD4E94-DC05-43CE-ACC0-7AE8785AB9C3}"
EndProject
Project("{9A19103F-16F7-4668-BE54-9A1E7A4F7556}") = "IM.Application.Contracts", "src\Modules\InventoryModule\Application.Contracts\IM.Application.Contracts\IM.Application.Contracts.csproj", "{65510603-4DB1-4194-94B6-C2EC734D96E0}"
EndProject
Project("{9A19103F-16F7-4668-BE54-9A1E7A4F7556}") = "IM.Application", "src\Modules\InventoryModule\Application\IM.Application\IM.Application.csproj", "{3519183F-DCB9-443A-9C0E-8BE4E2EF1656}"
EndProject
Project("{9A19103F-16F7-4668-BE54-9A1E7A4F7556}") = "IM.Infrastructure.Persistence", "src\Modules\InventoryModule\Infrastructure\IM.Infrastructure.Persistence\IM.Infrastructure.Persistence.csproj", "{25386DFB-F584-486D-97E8-229C542F1FFC}"
EndProject
Project("{9A19103F-16F7-4668-BE54-9A1E7A4F7556}") = "IM.Infrastructure.Configuration", "src\Modules\InventoryModule\Infrastructure\IM.Infrastructure.Configuration\IM.Infrastructure.Configuration.csproj", "{385CDC4C-CDC7-499E-9087-689F24C000A9}"
EndProject
Project("{9A19103F-16F7-4668-BE54-9A1E7A4F7556}") = "IM.Infrastructure.Shared", "src\Modules\InventoryModule\Infrastructure\IM.Infrastructure.Shared\IM.Infrastructure.Shared.csproj", "{5C2CD365-292B-460E-BADE-D1F66E1F40E0}"
EndProject
Project("{2150E333-8FDC-42A3-9474-1A3956D46DE8}") = "src", "src", "{6F0BD421-4C02-43C5-A106-3F7EDE3B6076}"
EndProject
Project("{2150E333-8FDC-42A3-9474-1A3956D46DE8}") = "Solution Items", "Solution Items", "{54AE45A0-3CED-4FD8-976D-C92BACCC03E6}"
	ProjectSection(SolutionItems) = preProject
		.editorconfig = .editorconfig
	EndProjectSection
EndProject
Project("{2150E333-8FDC-42A3-9474-1A3956D46DE8}") = "CommentModule", "CommentModule", "{C8A123F7-6220-49AA-8821-A8B963BEA87A}"
EndProject
Project("{2150E333-8FDC-42A3-9474-1A3956D46DE8}") = "Application", "Application", "{CB922A4C-5B7E-4341-83B9-35926181F472}"
EndProject
Project("{2150E333-8FDC-42A3-9474-1A3956D46DE8}") = "Application.Contracts", "Application.Contracts", "{4D12832D-2A88-45C0-9CF9-2511A86AF077}"
EndProject
Project("{2150E333-8FDC-42A3-9474-1A3956D46DE8}") = "Domain", "Domain", "{A808ECEA-53AF-41D0-8963-4BCB72F280C2}"
EndProject
Project("{2150E333-8FDC-42A3-9474-1A3956D46DE8}") = "Infrastructure", "Infrastructure", "{82BBFFE2-9001-4025-887F-4B1A9C69C0E8}"
EndProject
Project("{9A19103F-16F7-4668-BE54-9A1E7A4F7556}") = "CM.Domain", "src\Modules\CommentModule\Domain\CM.Domain\CM.Domain.csproj", "{A258B152-4CB6-4EEC-8749-5CF522FEDA86}"
EndProject
Project("{9A19103F-16F7-4668-BE54-9A1E7A4F7556}") = "CM.Application.Contracts", "src\Modules\CommentModule\Application.Contracts\CM.Application.Contracts\CM.Application.Contracts.csproj", "{2C04436F-68CC-4B06-A0A8-3D4DC0630FEC}"
EndProject
Project("{9A19103F-16F7-4668-BE54-9A1E7A4F7556}") = "CM.Infrastructure.Persistence", "src\Modules\CommentModule\Infrastructure\CM.Infrastructure.Persistence\CM.Infrastructure.Persistence.csproj", "{683BB59F-23F6-400C-98F3-319C309A047A}"
EndProject
Project("{9A19103F-16F7-4668-BE54-9A1E7A4F7556}") = "CM.Infrastructure.Configuration", "src\Modules\CommentModule\Infrastructure\CM.Infrastructure.Configuration\CM.Infrastructure.Configuration.csproj", "{38B15438-1455-4937-B614-805742D97656}"
EndProject
Project("{9A19103F-16F7-4668-BE54-9A1E7A4F7556}") = "CM.Application", "src\Modules\CommentModule\Application\CM.Application\CM.Application.csproj", "{99CB70A2-296A-4DC4-802C-FC6408ED96E6}"
EndProject
Project("{9A19103F-16F7-4668-BE54-9A1E7A4F7556}") = "02_DI_Container", "src\02_DI_Container\02_DI_Container.csproj", "{80F00CC3-059E-434C-BCAA-F2703823A78A}"
EndProject
Project("{9A19103F-16F7-4668-BE54-9A1E7A4F7556}") = "CM.Infrastructure.Shared", "src\Modules\CommentModule\Infrastructure\CM.Infrastructure.Shared\CM.Infrastructure.Shared.csproj", "{FC430E52-2FC0-41B3-8DAE-F67EF1D22755}"
EndProject
Project("{2150E333-8FDC-42A3-9474-1A3956D46DE8}") = "BlogModule", "BlogModule", "{9A29C8E2-1BAD-4E85-9DEF-0EC9F79B2AA1}"
EndProject
Project("{2150E333-8FDC-42A3-9474-1A3956D46DE8}") = "Application", "Application", "{93E70F2F-2E1E-4415-A7A1-2CA541EA228D}"
EndProject
Project("{2150E333-8FDC-42A3-9474-1A3956D46DE8}") = "Application.Contracts", "Application.Contracts", "{2F11069C-070C-4867-AC8C-4794ED8157C0}"
EndProject
Project("{2150E333-8FDC-42A3-9474-1A3956D46DE8}") = "Domain", "Domain", "{4834D316-ABE3-4C5E-8E3C-B0064BB2B70C}"
EndProject
Project("{2150E333-8FDC-42A3-9474-1A3956D46DE8}") = "Infrastructure", "Infrastructure", "{EF77943A-F78B-4815-B846-4398BBD3F946}"
EndProject
Project("{9A19103F-16F7-4668-BE54-9A1E7A4F7556}") = "BM.Domain", "src\Modules\BlogModule\Domain\BM.Domain\BM.Domain.csproj", "{1D3C77CA-D58E-4174-AC72-402FC895ADAD}"
EndProject
Project("{9A19103F-16F7-4668-BE54-9A1E7A4F7556}") = "BM.Application.Contracts", "src\Modules\BlogModule\Application.Contracts\BM.Application.Contracts\BM.Application.Contracts.csproj", "{E74471E9-B9D4-4509-8F41-EDFCDF8487AA}"
EndProject
Project("{9A19103F-16F7-4668-BE54-9A1E7A4F7556}") = "BM.Application", "src\Modules\BlogModule\Application\BM.Application\BM.Application.csproj", "{59E8CAB9-7C9F-4C4C-839B-9D83D5763F7C}"
EndProject
Project("{9A19103F-16F7-4668-BE54-9A1E7A4F7556}") = "BM.Infrastructure.Persistence", "src\Modules\BlogModule\Infrastructure\BM.Infrastructure.Persistence\BM.Infrastructure.Persistence.csproj", "{69AC1D30-E43E-4259-8126-AB42DAF50651}"
EndProject
Project("{9A19103F-16F7-4668-BE54-9A1E7A4F7556}") = "BM.Infrastructure.Shared", "src\Modules\BlogModule\Infrastructure\BM.Infrastructure.Shared\BM.Infrastructure.Shared.csproj", "{2AF8FEBA-32E7-410D-8F06-FFAAD0037E65}"
EndProject
Project("{9A19103F-16F7-4668-BE54-9A1E7A4F7556}") = "BM.Infrastructure.Configuration", "src\Modules\BlogModule\Infrastructure\BM.Infrastructure.Configuration\BM.Infrastructure.Configuration.csproj", "{FCD3AF63-A1B6-4EA8-A0DB-44AE95D012EF}"
EndProject
Project("{2150E333-8FDC-42A3-9474-1A3956D46DE8}") = "docs", "docs", "{BE267BF2-B49E-43F1-A433-04083E04F0FB}"
EndProject
Project("{2150E333-8FDC-42A3-9474-1A3956D46DE8}") = "tests", "tests", "{9027A6CC-AE67-406D-9ADB-C553D0C106C7}"
EndProject
Project("{2150E333-8FDC-42A3-9474-1A3956D46DE8}") = "AccountModule", "AccountModule", "{2B701206-95AB-4F72-9794-8AED99DE0107}"
EndProject
Project("{2150E333-8FDC-42A3-9474-1A3956D46DE8}") = "Application", "Application", "{3209C83E-958D-47B2-BB5E-7FCDD977A6BB}"
EndProject
Project("{2150E333-8FDC-42A3-9474-1A3956D46DE8}") = "Domain", "Domain", "{1C71E648-D34C-4BC5-A1C9-DBD923C8C780}"
EndProject
Project("{2150E333-8FDC-42A3-9474-1A3956D46DE8}") = "Infrastructure", "Infrastructure", "{25AA0F10-AC4F-40BA-AD3D-0B59A98C42B0}"
EndProject
Project("{9A19103F-16F7-4668-BE54-9A1E7A4F7556}") = "AM.Domain", "src\Modules\AccountModule\Domain\AM.Domain\AM.Domain.csproj", "{B8F0AAA1-4860-44AB-ACC0-2796EBEB409A}"
EndProject
Project("{9A19103F-16F7-4668-BE54-9A1E7A4F7556}") = "AM.Application", "src\Modules\AccountModule\Application\AM.Application\AM.Application.csproj", "{3BBA7C0C-31C4-449A-9736-F3BC5F4BAF67}"
EndProject
Project("{9A19103F-16F7-4668-BE54-9A1E7A4F7556}") = "AM.Infrastructure.Persistence", "src\Modules\AccountModule\Infrastructure\AM.Infrastructure.Persistence\AM.Infrastructure.Persistence.csproj", "{CB8FFA1A-75B9-4E55-A277-CFE7564A2030}"
EndProject
Project("{9A19103F-16F7-4668-BE54-9A1E7A4F7556}") = "AM.Infrastructure.Configuration", "src\Modules\AccountModule\Infrastructure\AM.Infrastructure.Configuration\AM.Infrastructure.Configuration.csproj", "{60B9CE91-5344-478F-8380-220F2B92E346}"
EndProject
Project("{9A19103F-16F7-4668-BE54-9A1E7A4F7556}") = "AM.Infrastructure.Shared", "src\Modules\AccountModule\Infrastructure\AM.Infrastructure.Shared\AM.Infrastructure.Shared.csproj", "{929BBB5B-D0D9-453E-8134-33E03D5D82B1}"
EndProject
Project("{2150E333-8FDC-42A3-9474-1A3956D46DE8}") = "OrderModule", "OrderModule", "{AC1ABFE8-BB02-471B-A627-40E0A500F2CA}"
EndProject
Project("{2150E333-8FDC-42A3-9474-1A3956D46DE8}") = "Application", "Application", "{F5ECDA21-51F6-4F5A-BB7E-51A3CBA9D7CC}"
EndProject
Project("{2150E333-8FDC-42A3-9474-1A3956D46DE8}") = "Application.Contracts", "Application.Contracts", "{FACA657F-C7CF-4BB8-B6A2-D02836F5BD2A}"
EndProject
Project("{2150E333-8FDC-42A3-9474-1A3956D46DE8}") = "Domain", "Domain", "{D8CAFCBE-7864-4A8B-BF0F-D4790EF46614}"
EndProject
Project("{2150E333-8FDC-42A3-9474-1A3956D46DE8}") = "Infrastructure", "Infrastructure", "{D1D52420-A4AF-4A89-BDF6-AF6AA8CA67BC}"
EndProject
Project("{9A19103F-16F7-4668-BE54-9A1E7A4F7556}") = "OM.Domain", "src\Modules\OrderModule\Domain\OM.Domain\OM.Domain.csproj", "{2CD96EB8-74B6-4E93-8606-0A546E7D53E4}"
EndProject
Project("{9A19103F-16F7-4668-BE54-9A1E7A4F7556}") = "OM.Application.Contracts", "src\Modules\OrderModule\Application.Contracts\OM.Application.Contracts\OM.Application.Contracts.csproj", "{BCA22759-4166-4C4F-8C66-B34355587F44}"
EndProject
Project("{9A19103F-16F7-4668-BE54-9A1E7A4F7556}") = "OM.Application", "src\Modules\OrderModule\Application\OM.Application\OM.Application.csproj", "{BC51C2FD-431C-4B3A-992D-7D9E51A33D27}"
EndProject
Project("{9A19103F-16F7-4668-BE54-9A1E7A4F7556}") = "OM.Infrastructure.Persistence", "src\Modules\OrderModule\Infrastructure\OM.Infrastructure.Persistence\OM.Infrastructure.Persistence.csproj", "{76DA23AB-46AB-4327-A0B5-3F8310980750}"
EndProject
Project("{9A19103F-16F7-4668-BE54-9A1E7A4F7556}") = "OM.Infrastructure.Configuration", "src\Modules\OrderModule\Infrastructure\OM.Infrastructure.Configuration\OM.Infrastructure.Configuration.csproj", "{A8D31E52-FBAA-4F17-A9A9-85F13D370A4E}"
EndProject
Project("{9A19103F-16F7-4668-BE54-9A1E7A4F7556}") = "OM.Infrastructure.Shared", "src\Modules\OrderModule\Infrastructure\OM.Infrastructure.Shared\OM.Infrastructure.Shared.csproj", "{92A86AFC-2F66-48A8-9F5A-D8DCACA7B313}"
EndProject
Project("{9A19103F-16F7-4668-BE54-9A1E7A4F7556}") = "03_Reports.Query", "src\03_Reports.Query\03_Reports.Query.csproj", "{89153781-B2D8-4658-8EB4-514D7DFFA8C5}"
EndProject
Project("{9A19103F-16F7-4668-BE54-9A1E7A4F7556}") = "DM.Infrastructure.ProductAcl", "src\Modules\DiscountModule\Infrastructure\Acl\DM.Infrastructure.ProductAcl\DM.Infrastructure.ProductAcl.csproj", "{8BCD4DC7-4452-4ED6-B77F-1D3822B0E9B0}"
EndProject
Project("{9A19103F-16F7-4668-BE54-9A1E7A4F7556}") = "IM.Infrastructure.ProductAcl", "src\Modules\InventoryModule\Infrastructure\Acl\IM.Infrastructure.ProductAcl\IM.Infrastructure.ProductAcl.csproj", "{0F8E1FE4-EDB3-41DA-8FF4-096D0C8E8C3B}"
EndProject
Project("{9A19103F-16F7-4668-BE54-9A1E7A4F7556}") = "IM.Infrastructure.AccountAcl", "src\Modules\InventoryModule\Infrastructure\Acl\IM.Infrastructure.AccountAcl\IM.Infrastructure.AccountAcl.csproj", "{ED6CA023-D402-4578-B125-0FF4221F2C33}"
EndProject
Project("{2150E333-8FDC-42A3-9474-1A3956D46DE8}") = "Acl", "Acl", "{530F7601-2B4D-4D88-BE53-2E4CBA9769B6}"
EndProject
Project("{2150E333-8FDC-42A3-9474-1A3956D46DE8}") = "Acl", "Acl", "{093B862C-7B7A-45AC-B20B-4668B33D94AB}"
EndProject
Project("{2150E333-8FDC-42A3-9474-1A3956D46DE8}") = "Acl", "Acl", "{3704DEEA-74F6-4903-B153-BE8BE038ED48}"
EndProject
Project("{9A19103F-16F7-4668-BE54-9A1E7A4F7556}") = "CM.Infrastructure.ProductAcl", "src\Modules\CommentModule\Infrastructure\Acl\CM.Infrastructure.ProductAcl\CM.Infrastructure.ProductAcl.csproj", "{CF1C1A6A-3037-46B0-B8D9-BD2F0225728C}"
EndProject
Project("{9A19103F-16F7-4668-BE54-9A1E7A4F7556}") = "CM.Infrastructure.ArticleAcl", "src\Modules\CommentModule\Infrastructure\Acl\CM.Infrastructure.ArticleAcl\CM.Infrastructure.ArticleAcl.csproj", "{696691B5-282A-49F2-9758-FC74AD6656ED}"
EndProject
Project("{E53339B2-1760-4266-BCC7-CA923CBCF16C}") = "docker-compose", "docker-compose.dcproj", "{22B8DB2F-2FFB-4849-B908-D6E61A25E24B}"
EndProject
Project("{FAE04EC0-301F-11D3-BF4B-00C04F79EFBC}") = "AM.Infrastructure", "src\Modules\AccountModule\AM.Infrastructure\AM.Infrastructure.csproj", "{E9E25B34-A88F-4207-93FA-356960A1708D}"
EndProject
Global
	GlobalSection(SolutionConfigurationPlatforms) = preSolution
		Debug|Any CPU = Debug|Any CPU
		Release|Any CPU = Release|Any CPU
	EndGlobalSection
	GlobalSection(ProjectConfigurationPlatforms) = postSolution
		{42D2EE79-BEC8-460A-873B-62E83E38AE6C}.Debug|Any CPU.ActiveCfg = Debug|Any CPU
		{42D2EE79-BEC8-460A-873B-62E83E38AE6C}.Debug|Any CPU.Build.0 = Debug|Any CPU
		{42D2EE79-BEC8-460A-873B-62E83E38AE6C}.Release|Any CPU.ActiveCfg = Release|Any CPU
		{42D2EE79-BEC8-460A-873B-62E83E38AE6C}.Release|Any CPU.Build.0 = Release|Any CPU
		{E721DB30-B72B-4279-AA15-ACA7655C0C36}.Debug|Any CPU.ActiveCfg = Debug|Any CPU
		{E721DB30-B72B-4279-AA15-ACA7655C0C36}.Debug|Any CPU.Build.0 = Debug|Any CPU
		{E721DB30-B72B-4279-AA15-ACA7655C0C36}.Release|Any CPU.ActiveCfg = Release|Any CPU
		{E721DB30-B72B-4279-AA15-ACA7655C0C36}.Release|Any CPU.Build.0 = Release|Any CPU
		{307D4BA7-014E-4ADC-B5CD-338E8F62C05E}.Debug|Any CPU.ActiveCfg = Debug|Any CPU
		{307D4BA7-014E-4ADC-B5CD-338E8F62C05E}.Debug|Any CPU.Build.0 = Debug|Any CPU
		{307D4BA7-014E-4ADC-B5CD-338E8F62C05E}.Release|Any CPU.ActiveCfg = Release|Any CPU
		{307D4BA7-014E-4ADC-B5CD-338E8F62C05E}.Release|Any CPU.Build.0 = Release|Any CPU
		{BCE53CAD-1695-44DA-9551-034B173F2C4E}.Debug|Any CPU.ActiveCfg = Debug|Any CPU
		{BCE53CAD-1695-44DA-9551-034B173F2C4E}.Debug|Any CPU.Build.0 = Debug|Any CPU
		{BCE53CAD-1695-44DA-9551-034B173F2C4E}.Release|Any CPU.ActiveCfg = Release|Any CPU
		{BCE53CAD-1695-44DA-9551-034B173F2C4E}.Release|Any CPU.Build.0 = Release|Any CPU
		{9B7490BB-7340-4D98-BB1A-89D33B12AD9D}.Debug|Any CPU.ActiveCfg = Debug|Any CPU
		{9B7490BB-7340-4D98-BB1A-89D33B12AD9D}.Debug|Any CPU.Build.0 = Debug|Any CPU
		{9B7490BB-7340-4D98-BB1A-89D33B12AD9D}.Release|Any CPU.ActiveCfg = Release|Any CPU
		{9B7490BB-7340-4D98-BB1A-89D33B12AD9D}.Release|Any CPU.Build.0 = Release|Any CPU
		{3621DB4D-2A34-4B1D-901D-FF9BA450864D}.Debug|Any CPU.ActiveCfg = Debug|Any CPU
		{3621DB4D-2A34-4B1D-901D-FF9BA450864D}.Debug|Any CPU.Build.0 = Debug|Any CPU
		{3621DB4D-2A34-4B1D-901D-FF9BA450864D}.Release|Any CPU.ActiveCfg = Release|Any CPU
		{3621DB4D-2A34-4B1D-901D-FF9BA450864D}.Release|Any CPU.Build.0 = Release|Any CPU
		{7B4BEFD5-6625-461C-86CC-7359E44F43E4}.Debug|Any CPU.ActiveCfg = Debug|Any CPU
		{7B4BEFD5-6625-461C-86CC-7359E44F43E4}.Debug|Any CPU.Build.0 = Debug|Any CPU
		{7B4BEFD5-6625-461C-86CC-7359E44F43E4}.Release|Any CPU.ActiveCfg = Release|Any CPU
		{7B4BEFD5-6625-461C-86CC-7359E44F43E4}.Release|Any CPU.Build.0 = Release|Any CPU
		{63CCC61D-BA28-4DD6-AC5C-727B7634FDB7}.Debug|Any CPU.ActiveCfg = Debug|Any CPU
		{63CCC61D-BA28-4DD6-AC5C-727B7634FDB7}.Debug|Any CPU.Build.0 = Debug|Any CPU
		{63CCC61D-BA28-4DD6-AC5C-727B7634FDB7}.Release|Any CPU.ActiveCfg = Release|Any CPU
		{63CCC61D-BA28-4DD6-AC5C-727B7634FDB7}.Release|Any CPU.Build.0 = Release|Any CPU
		{96D6511C-D60A-4CC0-813E-16B684BFB281}.Debug|Any CPU.ActiveCfg = Debug|Any CPU
		{96D6511C-D60A-4CC0-813E-16B684BFB281}.Debug|Any CPU.Build.0 = Debug|Any CPU
		{96D6511C-D60A-4CC0-813E-16B684BFB281}.Release|Any CPU.ActiveCfg = Release|Any CPU
		{96D6511C-D60A-4CC0-813E-16B684BFB281}.Release|Any CPU.Build.0 = Release|Any CPU
		{E45590E7-603F-4FFD-984F-1954A9A1C1CA}.Debug|Any CPU.ActiveCfg = Debug|Any CPU
		{E45590E7-603F-4FFD-984F-1954A9A1C1CA}.Debug|Any CPU.Build.0 = Debug|Any CPU
		{E45590E7-603F-4FFD-984F-1954A9A1C1CA}.Release|Any CPU.ActiveCfg = Release|Any CPU
		{E45590E7-603F-4FFD-984F-1954A9A1C1CA}.Release|Any CPU.Build.0 = Release|Any CPU
		{8B141851-3187-4D72-87E1-68E82BEC8B1D}.Debug|Any CPU.ActiveCfg = Debug|Any CPU
		{8B141851-3187-4D72-87E1-68E82BEC8B1D}.Debug|Any CPU.Build.0 = Debug|Any CPU
		{8B141851-3187-4D72-87E1-68E82BEC8B1D}.Release|Any CPU.ActiveCfg = Release|Any CPU
		{8B141851-3187-4D72-87E1-68E82BEC8B1D}.Release|Any CPU.Build.0 = Release|Any CPU
		{24A09201-8EF8-43EE-B0D5-AFD99204AC93}.Debug|Any CPU.ActiveCfg = Debug|Any CPU
		{24A09201-8EF8-43EE-B0D5-AFD99204AC93}.Debug|Any CPU.Build.0 = Debug|Any CPU
		{24A09201-8EF8-43EE-B0D5-AFD99204AC93}.Release|Any CPU.ActiveCfg = Release|Any CPU
		{24A09201-8EF8-43EE-B0D5-AFD99204AC93}.Release|Any CPU.Build.0 = Release|Any CPU
		{17112D1D-EFC2-46A6-A9F2-062E1212132E}.Debug|Any CPU.ActiveCfg = Debug|Any CPU
		{17112D1D-EFC2-46A6-A9F2-062E1212132E}.Debug|Any CPU.Build.0 = Debug|Any CPU
		{17112D1D-EFC2-46A6-A9F2-062E1212132E}.Release|Any CPU.ActiveCfg = Release|Any CPU
		{17112D1D-EFC2-46A6-A9F2-062E1212132E}.Release|Any CPU.Build.0 = Release|Any CPU
		{3E4CD681-AA84-47B4-9C3F-FB833594ADD4}.Debug|Any CPU.ActiveCfg = Debug|Any CPU
		{3E4CD681-AA84-47B4-9C3F-FB833594ADD4}.Debug|Any CPU.Build.0 = Debug|Any CPU
		{3E4CD681-AA84-47B4-9C3F-FB833594ADD4}.Release|Any CPU.ActiveCfg = Release|Any CPU
		{3E4CD681-AA84-47B4-9C3F-FB833594ADD4}.Release|Any CPU.Build.0 = Release|Any CPU
		{FA285CDF-6C6B-4514-B51C-743EA73A13A3}.Debug|Any CPU.ActiveCfg = Debug|Any CPU
		{FA285CDF-6C6B-4514-B51C-743EA73A13A3}.Debug|Any CPU.Build.0 = Debug|Any CPU
		{FA285CDF-6C6B-4514-B51C-743EA73A13A3}.Release|Any CPU.ActiveCfg = Release|Any CPU
		{FA285CDF-6C6B-4514-B51C-743EA73A13A3}.Release|Any CPU.Build.0 = Release|Any CPU
		{14CD4E94-DC05-43CE-ACC0-7AE8785AB9C3}.Debug|Any CPU.ActiveCfg = Debug|Any CPU
		{14CD4E94-DC05-43CE-ACC0-7AE8785AB9C3}.Debug|Any CPU.Build.0 = Debug|Any CPU
		{14CD4E94-DC05-43CE-ACC0-7AE8785AB9C3}.Release|Any CPU.ActiveCfg = Release|Any CPU
		{14CD4E94-DC05-43CE-ACC0-7AE8785AB9C3}.Release|Any CPU.Build.0 = Release|Any CPU
		{65510603-4DB1-4194-94B6-C2EC734D96E0}.Debug|Any CPU.ActiveCfg = Debug|Any CPU
		{65510603-4DB1-4194-94B6-C2EC734D96E0}.Debug|Any CPU.Build.0 = Debug|Any CPU
		{65510603-4DB1-4194-94B6-C2EC734D96E0}.Release|Any CPU.ActiveCfg = Release|Any CPU
		{65510603-4DB1-4194-94B6-C2EC734D96E0}.Release|Any CPU.Build.0 = Release|Any CPU
		{3519183F-DCB9-443A-9C0E-8BE4E2EF1656}.Debug|Any CPU.ActiveCfg = Debug|Any CPU
		{3519183F-DCB9-443A-9C0E-8BE4E2EF1656}.Debug|Any CPU.Build.0 = Debug|Any CPU
		{3519183F-DCB9-443A-9C0E-8BE4E2EF1656}.Release|Any CPU.ActiveCfg = Release|Any CPU
		{3519183F-DCB9-443A-9C0E-8BE4E2EF1656}.Release|Any CPU.Build.0 = Release|Any CPU
		{25386DFB-F584-486D-97E8-229C542F1FFC}.Debug|Any CPU.ActiveCfg = Debug|Any CPU
		{25386DFB-F584-486D-97E8-229C542F1FFC}.Debug|Any CPU.Build.0 = Debug|Any CPU
		{25386DFB-F584-486D-97E8-229C542F1FFC}.Release|Any CPU.ActiveCfg = Release|Any CPU
		{25386DFB-F584-486D-97E8-229C542F1FFC}.Release|Any CPU.Build.0 = Release|Any CPU
		{385CDC4C-CDC7-499E-9087-689F24C000A9}.Debug|Any CPU.ActiveCfg = Debug|Any CPU
		{385CDC4C-CDC7-499E-9087-689F24C000A9}.Debug|Any CPU.Build.0 = Debug|Any CPU
		{385CDC4C-CDC7-499E-9087-689F24C000A9}.Release|Any CPU.ActiveCfg = Release|Any CPU
		{385CDC4C-CDC7-499E-9087-689F24C000A9}.Release|Any CPU.Build.0 = Release|Any CPU
		{5C2CD365-292B-460E-BADE-D1F66E1F40E0}.Debug|Any CPU.ActiveCfg = Debug|Any CPU
		{5C2CD365-292B-460E-BADE-D1F66E1F40E0}.Debug|Any CPU.Build.0 = Debug|Any CPU
		{5C2CD365-292B-460E-BADE-D1F66E1F40E0}.Release|Any CPU.ActiveCfg = Release|Any CPU
		{5C2CD365-292B-460E-BADE-D1F66E1F40E0}.Release|Any CPU.Build.0 = Release|Any CPU
		{A258B152-4CB6-4EEC-8749-5CF522FEDA86}.Debug|Any CPU.ActiveCfg = Debug|Any CPU
		{A258B152-4CB6-4EEC-8749-5CF522FEDA86}.Debug|Any CPU.Build.0 = Debug|Any CPU
		{A258B152-4CB6-4EEC-8749-5CF522FEDA86}.Release|Any CPU.ActiveCfg = Release|Any CPU
		{A258B152-4CB6-4EEC-8749-5CF522FEDA86}.Release|Any CPU.Build.0 = Release|Any CPU
		{2C04436F-68CC-4B06-A0A8-3D4DC0630FEC}.Debug|Any CPU.ActiveCfg = Debug|Any CPU
		{2C04436F-68CC-4B06-A0A8-3D4DC0630FEC}.Debug|Any CPU.Build.0 = Debug|Any CPU
		{2C04436F-68CC-4B06-A0A8-3D4DC0630FEC}.Release|Any CPU.ActiveCfg = Release|Any CPU
		{2C04436F-68CC-4B06-A0A8-3D4DC0630FEC}.Release|Any CPU.Build.0 = Release|Any CPU
		{683BB59F-23F6-400C-98F3-319C309A047A}.Debug|Any CPU.ActiveCfg = Debug|Any CPU
		{683BB59F-23F6-400C-98F3-319C309A047A}.Debug|Any CPU.Build.0 = Debug|Any CPU
		{683BB59F-23F6-400C-98F3-319C309A047A}.Release|Any CPU.ActiveCfg = Release|Any CPU
		{683BB59F-23F6-400C-98F3-319C309A047A}.Release|Any CPU.Build.0 = Release|Any CPU
		{38B15438-1455-4937-B614-805742D97656}.Debug|Any CPU.ActiveCfg = Debug|Any CPU
		{38B15438-1455-4937-B614-805742D97656}.Debug|Any CPU.Build.0 = Debug|Any CPU
		{38B15438-1455-4937-B614-805742D97656}.Release|Any CPU.ActiveCfg = Release|Any CPU
		{38B15438-1455-4937-B614-805742D97656}.Release|Any CPU.Build.0 = Release|Any CPU
		{99CB70A2-296A-4DC4-802C-FC6408ED96E6}.Debug|Any CPU.ActiveCfg = Debug|Any CPU
		{99CB70A2-296A-4DC4-802C-FC6408ED96E6}.Debug|Any CPU.Build.0 = Debug|Any CPU
		{99CB70A2-296A-4DC4-802C-FC6408ED96E6}.Release|Any CPU.ActiveCfg = Release|Any CPU
		{99CB70A2-296A-4DC4-802C-FC6408ED96E6}.Release|Any CPU.Build.0 = Release|Any CPU
		{80F00CC3-059E-434C-BCAA-F2703823A78A}.Debug|Any CPU.ActiveCfg = Debug|Any CPU
		{80F00CC3-059E-434C-BCAA-F2703823A78A}.Debug|Any CPU.Build.0 = Debug|Any CPU
		{80F00CC3-059E-434C-BCAA-F2703823A78A}.Release|Any CPU.ActiveCfg = Release|Any CPU
		{80F00CC3-059E-434C-BCAA-F2703823A78A}.Release|Any CPU.Build.0 = Release|Any CPU
		{FC430E52-2FC0-41B3-8DAE-F67EF1D22755}.Debug|Any CPU.ActiveCfg = Debug|Any CPU
		{FC430E52-2FC0-41B3-8DAE-F67EF1D22755}.Debug|Any CPU.Build.0 = Debug|Any CPU
		{FC430E52-2FC0-41B3-8DAE-F67EF1D22755}.Release|Any CPU.ActiveCfg = Release|Any CPU
		{FC430E52-2FC0-41B3-8DAE-F67EF1D22755}.Release|Any CPU.Build.0 = Release|Any CPU
		{1D3C77CA-D58E-4174-AC72-402FC895ADAD}.Debug|Any CPU.ActiveCfg = Debug|Any CPU
		{1D3C77CA-D58E-4174-AC72-402FC895ADAD}.Debug|Any CPU.Build.0 = Debug|Any CPU
		{1D3C77CA-D58E-4174-AC72-402FC895ADAD}.Release|Any CPU.ActiveCfg = Release|Any CPU
		{1D3C77CA-D58E-4174-AC72-402FC895ADAD}.Release|Any CPU.Build.0 = Release|Any CPU
		{E74471E9-B9D4-4509-8F41-EDFCDF8487AA}.Debug|Any CPU.ActiveCfg = Debug|Any CPU
		{E74471E9-B9D4-4509-8F41-EDFCDF8487AA}.Debug|Any CPU.Build.0 = Debug|Any CPU
		{E74471E9-B9D4-4509-8F41-EDFCDF8487AA}.Release|Any CPU.ActiveCfg = Release|Any CPU
		{E74471E9-B9D4-4509-8F41-EDFCDF8487AA}.Release|Any CPU.Build.0 = Release|Any CPU
		{59E8CAB9-7C9F-4C4C-839B-9D83D5763F7C}.Debug|Any CPU.ActiveCfg = Debug|Any CPU
		{59E8CAB9-7C9F-4C4C-839B-9D83D5763F7C}.Debug|Any CPU.Build.0 = Debug|Any CPU
		{59E8CAB9-7C9F-4C4C-839B-9D83D5763F7C}.Release|Any CPU.ActiveCfg = Release|Any CPU
		{59E8CAB9-7C9F-4C4C-839B-9D83D5763F7C}.Release|Any CPU.Build.0 = Release|Any CPU
		{69AC1D30-E43E-4259-8126-AB42DAF50651}.Debug|Any CPU.ActiveCfg = Debug|Any CPU
		{69AC1D30-E43E-4259-8126-AB42DAF50651}.Debug|Any CPU.Build.0 = Debug|Any CPU
		{69AC1D30-E43E-4259-8126-AB42DAF50651}.Release|Any CPU.ActiveCfg = Release|Any CPU
		{69AC1D30-E43E-4259-8126-AB42DAF50651}.Release|Any CPU.Build.0 = Release|Any CPU
		{2AF8FEBA-32E7-410D-8F06-FFAAD0037E65}.Debug|Any CPU.ActiveCfg = Debug|Any CPU
		{2AF8FEBA-32E7-410D-8F06-FFAAD0037E65}.Debug|Any CPU.Build.0 = Debug|Any CPU
		{2AF8FEBA-32E7-410D-8F06-FFAAD0037E65}.Release|Any CPU.ActiveCfg = Release|Any CPU
		{2AF8FEBA-32E7-410D-8F06-FFAAD0037E65}.Release|Any CPU.Build.0 = Release|Any CPU
		{FCD3AF63-A1B6-4EA8-A0DB-44AE95D012EF}.Debug|Any CPU.ActiveCfg = Debug|Any CPU
		{FCD3AF63-A1B6-4EA8-A0DB-44AE95D012EF}.Debug|Any CPU.Build.0 = Debug|Any CPU
		{FCD3AF63-A1B6-4EA8-A0DB-44AE95D012EF}.Release|Any CPU.ActiveCfg = Release|Any CPU
		{FCD3AF63-A1B6-4EA8-A0DB-44AE95D012EF}.Release|Any CPU.Build.0 = Release|Any CPU
		{B8F0AAA1-4860-44AB-ACC0-2796EBEB409A}.Debug|Any CPU.ActiveCfg = Debug|Any CPU
		{B8F0AAA1-4860-44AB-ACC0-2796EBEB409A}.Debug|Any CPU.Build.0 = Debug|Any CPU
		{B8F0AAA1-4860-44AB-ACC0-2796EBEB409A}.Release|Any CPU.ActiveCfg = Release|Any CPU
		{B8F0AAA1-4860-44AB-ACC0-2796EBEB409A}.Release|Any CPU.Build.0 = Release|Any CPU
		{3BBA7C0C-31C4-449A-9736-F3BC5F4BAF67}.Debug|Any CPU.ActiveCfg = Debug|Any CPU
		{3BBA7C0C-31C4-449A-9736-F3BC5F4BAF67}.Debug|Any CPU.Build.0 = Debug|Any CPU
		{3BBA7C0C-31C4-449A-9736-F3BC5F4BAF67}.Release|Any CPU.ActiveCfg = Release|Any CPU
		{3BBA7C0C-31C4-449A-9736-F3BC5F4BAF67}.Release|Any CPU.Build.0 = Release|Any CPU
		{CB8FFA1A-75B9-4E55-A277-CFE7564A2030}.Debug|Any CPU.ActiveCfg = Debug|Any CPU
		{CB8FFA1A-75B9-4E55-A277-CFE7564A2030}.Debug|Any CPU.Build.0 = Debug|Any CPU
		{CB8FFA1A-75B9-4E55-A277-CFE7564A2030}.Release|Any CPU.ActiveCfg = Release|Any CPU
		{CB8FFA1A-75B9-4E55-A277-CFE7564A2030}.Release|Any CPU.Build.0 = Release|Any CPU
		{60B9CE91-5344-478F-8380-220F2B92E346}.Debug|Any CPU.ActiveCfg = Debug|Any CPU
		{60B9CE91-5344-478F-8380-220F2B92E346}.Debug|Any CPU.Build.0 = Debug|Any CPU
		{60B9CE91-5344-478F-8380-220F2B92E346}.Release|Any CPU.ActiveCfg = Release|Any CPU
		{60B9CE91-5344-478F-8380-220F2B92E346}.Release|Any CPU.Build.0 = Release|Any CPU
		{929BBB5B-D0D9-453E-8134-33E03D5D82B1}.Debug|Any CPU.ActiveCfg = Debug|Any CPU
		{929BBB5B-D0D9-453E-8134-33E03D5D82B1}.Debug|Any CPU.Build.0 = Debug|Any CPU
		{929BBB5B-D0D9-453E-8134-33E03D5D82B1}.Release|Any CPU.ActiveCfg = Release|Any CPU
		{929BBB5B-D0D9-453E-8134-33E03D5D82B1}.Release|Any CPU.Build.0 = Release|Any CPU
		{2CD96EB8-74B6-4E93-8606-0A546E7D53E4}.Debug|Any CPU.ActiveCfg = Debug|Any CPU
		{2CD96EB8-74B6-4E93-8606-0A546E7D53E4}.Debug|Any CPU.Build.0 = Debug|Any CPU
		{2CD96EB8-74B6-4E93-8606-0A546E7D53E4}.Release|Any CPU.ActiveCfg = Release|Any CPU
		{2CD96EB8-74B6-4E93-8606-0A546E7D53E4}.Release|Any CPU.Build.0 = Release|Any CPU
		{BCA22759-4166-4C4F-8C66-B34355587F44}.Debug|Any CPU.ActiveCfg = Debug|Any CPU
		{BCA22759-4166-4C4F-8C66-B34355587F44}.Debug|Any CPU.Build.0 = Debug|Any CPU
		{BCA22759-4166-4C4F-8C66-B34355587F44}.Release|Any CPU.ActiveCfg = Release|Any CPU
		{BCA22759-4166-4C4F-8C66-B34355587F44}.Release|Any CPU.Build.0 = Release|Any CPU
		{BC51C2FD-431C-4B3A-992D-7D9E51A33D27}.Debug|Any CPU.ActiveCfg = Debug|Any CPU
		{BC51C2FD-431C-4B3A-992D-7D9E51A33D27}.Debug|Any CPU.Build.0 = Debug|Any CPU
		{BC51C2FD-431C-4B3A-992D-7D9E51A33D27}.Release|Any CPU.ActiveCfg = Release|Any CPU
		{BC51C2FD-431C-4B3A-992D-7D9E51A33D27}.Release|Any CPU.Build.0 = Release|Any CPU
		{76DA23AB-46AB-4327-A0B5-3F8310980750}.Debug|Any CPU.ActiveCfg = Debug|Any CPU
		{76DA23AB-46AB-4327-A0B5-3F8310980750}.Debug|Any CPU.Build.0 = Debug|Any CPU
		{76DA23AB-46AB-4327-A0B5-3F8310980750}.Release|Any CPU.ActiveCfg = Release|Any CPU
		{76DA23AB-46AB-4327-A0B5-3F8310980750}.Release|Any CPU.Build.0 = Release|Any CPU
		{A8D31E52-FBAA-4F17-A9A9-85F13D370A4E}.Debug|Any CPU.ActiveCfg = Debug|Any CPU
		{A8D31E52-FBAA-4F17-A9A9-85F13D370A4E}.Debug|Any CPU.Build.0 = Debug|Any CPU
		{A8D31E52-FBAA-4F17-A9A9-85F13D370A4E}.Release|Any CPU.ActiveCfg = Release|Any CPU
		{A8D31E52-FBAA-4F17-A9A9-85F13D370A4E}.Release|Any CPU.Build.0 = Release|Any CPU
		{92A86AFC-2F66-48A8-9F5A-D8DCACA7B313}.Debug|Any CPU.ActiveCfg = Debug|Any CPU
		{92A86AFC-2F66-48A8-9F5A-D8DCACA7B313}.Debug|Any CPU.Build.0 = Debug|Any CPU
		{92A86AFC-2F66-48A8-9F5A-D8DCACA7B313}.Release|Any CPU.ActiveCfg = Release|Any CPU
		{92A86AFC-2F66-48A8-9F5A-D8DCACA7B313}.Release|Any CPU.Build.0 = Release|Any CPU
		{89153781-B2D8-4658-8EB4-514D7DFFA8C5}.Debug|Any CPU.ActiveCfg = Debug|Any CPU
		{89153781-B2D8-4658-8EB4-514D7DFFA8C5}.Debug|Any CPU.Build.0 = Debug|Any CPU
		{89153781-B2D8-4658-8EB4-514D7DFFA8C5}.Release|Any CPU.ActiveCfg = Release|Any CPU
		{89153781-B2D8-4658-8EB4-514D7DFFA8C5}.Release|Any CPU.Build.0 = Release|Any CPU
		{8BCD4DC7-4452-4ED6-B77F-1D3822B0E9B0}.Debug|Any CPU.ActiveCfg = Debug|Any CPU
		{8BCD4DC7-4452-4ED6-B77F-1D3822B0E9B0}.Debug|Any CPU.Build.0 = Debug|Any CPU
		{8BCD4DC7-4452-4ED6-B77F-1D3822B0E9B0}.Release|Any CPU.ActiveCfg = Release|Any CPU
		{8BCD4DC7-4452-4ED6-B77F-1D3822B0E9B0}.Release|Any CPU.Build.0 = Release|Any CPU
		{0F8E1FE4-EDB3-41DA-8FF4-096D0C8E8C3B}.Debug|Any CPU.ActiveCfg = Debug|Any CPU
		{0F8E1FE4-EDB3-41DA-8FF4-096D0C8E8C3B}.Debug|Any CPU.Build.0 = Debug|Any CPU
		{0F8E1FE4-EDB3-41DA-8FF4-096D0C8E8C3B}.Release|Any CPU.ActiveCfg = Release|Any CPU
		{0F8E1FE4-EDB3-41DA-8FF4-096D0C8E8C3B}.Release|Any CPU.Build.0 = Release|Any CPU
		{ED6CA023-D402-4578-B125-0FF4221F2C33}.Debug|Any CPU.ActiveCfg = Debug|Any CPU
		{ED6CA023-D402-4578-B125-0FF4221F2C33}.Debug|Any CPU.Build.0 = Debug|Any CPU
		{ED6CA023-D402-4578-B125-0FF4221F2C33}.Release|Any CPU.ActiveCfg = Release|Any CPU
		{ED6CA023-D402-4578-B125-0FF4221F2C33}.Release|Any CPU.Build.0 = Release|Any CPU
		{CF1C1A6A-3037-46B0-B8D9-BD2F0225728C}.Debug|Any CPU.ActiveCfg = Debug|Any CPU
		{CF1C1A6A-3037-46B0-B8D9-BD2F0225728C}.Debug|Any CPU.Build.0 = Debug|Any CPU
		{CF1C1A6A-3037-46B0-B8D9-BD2F0225728C}.Release|Any CPU.ActiveCfg = Release|Any CPU
		{CF1C1A6A-3037-46B0-B8D9-BD2F0225728C}.Release|Any CPU.Build.0 = Release|Any CPU
		{696691B5-282A-49F2-9758-FC74AD6656ED}.Debug|Any CPU.ActiveCfg = Debug|Any CPU
		{696691B5-282A-49F2-9758-FC74AD6656ED}.Debug|Any CPU.Build.0 = Debug|Any CPU
		{696691B5-282A-49F2-9758-FC74AD6656ED}.Release|Any CPU.ActiveCfg = Release|Any CPU
		{696691B5-282A-49F2-9758-FC74AD6656ED}.Release|Any CPU.Build.0 = Release|Any CPU
		{22B8DB2F-2FFB-4849-B908-D6E61A25E24B}.Debug|Any CPU.ActiveCfg = Debug|Any CPU
		{22B8DB2F-2FFB-4849-B908-D6E61A25E24B}.Debug|Any CPU.Build.0 = Debug|Any CPU
		{22B8DB2F-2FFB-4849-B908-D6E61A25E24B}.Release|Any CPU.ActiveCfg = Release|Any CPU
		{22B8DB2F-2FFB-4849-B908-D6E61A25E24B}.Release|Any CPU.Build.0 = Release|Any CPU
		{E9E25B34-A88F-4207-93FA-356960A1708D}.Debug|Any CPU.ActiveCfg = Debug|Any CPU
		{E9E25B34-A88F-4207-93FA-356960A1708D}.Debug|Any CPU.Build.0 = Debug|Any CPU
		{E9E25B34-A88F-4207-93FA-356960A1708D}.Release|Any CPU.ActiveCfg = Release|Any CPU
		{E9E25B34-A88F-4207-93FA-356960A1708D}.Release|Any CPU.Build.0 = Release|Any CPU
	EndGlobalSection
	GlobalSection(SolutionProperties) = preSolution
		HideSolutionNode = FALSE
	EndGlobalSection
	GlobalSection(NestedProjects) = preSolution
		{9DFB846F-E47F-4E0C-B759-E5879BC1496A} = {F0D447D3-A270-4E70-AC6B-0DFA63A01DC5}
		{9EEF7420-28FA-4F51-8FB1-092A251A39BA} = {9DFB846F-E47F-4E0C-B759-E5879BC1496A}
		{42D2EE79-BEC8-460A-873B-62E83E38AE6C} = {6F0BD421-4C02-43C5-A106-3F7EDE3B6076}
		{D4FD7EB2-E5DC-4387-8D70-7A1CF755E83C} = {9DFB846F-E47F-4E0C-B759-E5879BC1496A}
		{E721DB30-B72B-4279-AA15-ACA7655C0C36} = {D4FD7EB2-E5DC-4387-8D70-7A1CF755E83C}
		{A710BD74-E8E7-41B4-BFDD-87197FD8D475} = {9DFB846F-E47F-4E0C-B759-E5879BC1496A}
		{307D4BA7-014E-4ADC-B5CD-338E8F62C05E} = {A710BD74-E8E7-41B4-BFDD-87197FD8D475}
		{BCE53CAD-1695-44DA-9551-034B173F2C4E} = {9EEF7420-28FA-4F51-8FB1-092A251A39BA}
		{AA80FADA-65B1-40B4-948B-8D8E8334453D} = {9DFB846F-E47F-4E0C-B759-E5879BC1496A}
		{9B7490BB-7340-4D98-BB1A-89D33B12AD9D} = {AA80FADA-65B1-40B4-948B-8D8E8334453D}
		{3621DB4D-2A34-4B1D-901D-FF9BA450864D} = {AA80FADA-65B1-40B4-948B-8D8E8334453D}
		{7B4BEFD5-6625-461C-86CC-7359E44F43E4} = {AA80FADA-65B1-40B4-948B-8D8E8334453D}
		{F0D447D3-A270-4E70-AC6B-0DFA63A01DC5} = {6F0BD421-4C02-43C5-A106-3F7EDE3B6076}
		{63F7B0EA-0D01-4CB3-BDAB-C7E0777D7602} = {6F0BD421-4C02-43C5-A106-3F7EDE3B6076}
		{63CCC61D-BA28-4DD6-AC5C-727B7634FDB7} = {63F7B0EA-0D01-4CB3-BDAB-C7E0777D7602}
		{96D6511C-D60A-4CC0-813E-16B684BFB281} = {6F0BD421-4C02-43C5-A106-3F7EDE3B6076}
		{2246184A-3099-42EF-A407-5ABEC85D273E} = {F0D447D3-A270-4E70-AC6B-0DFA63A01DC5}
		{4DE0AEF5-1F31-4C8C-A390-810DB0C2278A} = {2246184A-3099-42EF-A407-5ABEC85D273E}
		{DC037E3A-4272-4C07-BB6B-AA02FAC9C1FC} = {2246184A-3099-42EF-A407-5ABEC85D273E}
		{1F8EDF1A-D747-4176-BA93-EC3096C9F20E} = {2246184A-3099-42EF-A407-5ABEC85D273E}
		{E2D8DB07-6E85-4FC1-8234-7CE00853FAD7} = {2246184A-3099-42EF-A407-5ABEC85D273E}
		{E45590E7-603F-4FFD-984F-1954A9A1C1CA} = {1F8EDF1A-D747-4176-BA93-EC3096C9F20E}
		{8B141851-3187-4D72-87E1-68E82BEC8B1D} = {DC037E3A-4272-4C07-BB6B-AA02FAC9C1FC}
		{24A09201-8EF8-43EE-B0D5-AFD99204AC93} = {4DE0AEF5-1F31-4C8C-A390-810DB0C2278A}
		{17112D1D-EFC2-46A6-A9F2-062E1212132E} = {E2D8DB07-6E85-4FC1-8234-7CE00853FAD7}
		{3E4CD681-AA84-47B4-9C3F-FB833594ADD4} = {E2D8DB07-6E85-4FC1-8234-7CE00853FAD7}
		{FA285CDF-6C6B-4514-B51C-743EA73A13A3} = {E2D8DB07-6E85-4FC1-8234-7CE00853FAD7}
		{E61A8890-8A4A-4C4C-B54E-81D9DF596E58} = {F0D447D3-A270-4E70-AC6B-0DFA63A01DC5}
		{23CE2CC4-3A36-436F-AE70-8961331FC5C9} = {E61A8890-8A4A-4C4C-B54E-81D9DF596E58}
		{A9284AF8-FFBE-4A1E-91EC-AC69EBA8BA57} = {E61A8890-8A4A-4C4C-B54E-81D9DF596E58}
		{320FA2E3-6BBD-41D7-8507-CEAF41D45B98} = {E61A8890-8A4A-4C4C-B54E-81D9DF596E58}
		{CF03F503-0022-46D5-A4DD-AE4CCF106404} = {E61A8890-8A4A-4C4C-B54E-81D9DF596E58}
		{14CD4E94-DC05-43CE-ACC0-7AE8785AB9C3} = {320FA2E3-6BBD-41D7-8507-CEAF41D45B98}
		{65510603-4DB1-4194-94B6-C2EC734D96E0} = {A9284AF8-FFBE-4A1E-91EC-AC69EBA8BA57}
		{3519183F-DCB9-443A-9C0E-8BE4E2EF1656} = {23CE2CC4-3A36-436F-AE70-8961331FC5C9}
		{25386DFB-F584-486D-97E8-229C542F1FFC} = {CF03F503-0022-46D5-A4DD-AE4CCF106404}
		{385CDC4C-CDC7-499E-9087-689F24C000A9} = {CF03F503-0022-46D5-A4DD-AE4CCF106404}
		{5C2CD365-292B-460E-BADE-D1F66E1F40E0} = {CF03F503-0022-46D5-A4DD-AE4CCF106404}
		{C8A123F7-6220-49AA-8821-A8B963BEA87A} = {F0D447D3-A270-4E70-AC6B-0DFA63A01DC5}
		{CB922A4C-5B7E-4341-83B9-35926181F472} = {C8A123F7-6220-49AA-8821-A8B963BEA87A}
		{4D12832D-2A88-45C0-9CF9-2511A86AF077} = {C8A123F7-6220-49AA-8821-A8B963BEA87A}
		{A808ECEA-53AF-41D0-8963-4BCB72F280C2} = {C8A123F7-6220-49AA-8821-A8B963BEA87A}
		{82BBFFE2-9001-4025-887F-4B1A9C69C0E8} = {C8A123F7-6220-49AA-8821-A8B963BEA87A}
		{A258B152-4CB6-4EEC-8749-5CF522FEDA86} = {A808ECEA-53AF-41D0-8963-4BCB72F280C2}
		{2C04436F-68CC-4B06-A0A8-3D4DC0630FEC} = {4D12832D-2A88-45C0-9CF9-2511A86AF077}
		{683BB59F-23F6-400C-98F3-319C309A047A} = {82BBFFE2-9001-4025-887F-4B1A9C69C0E8}
		{38B15438-1455-4937-B614-805742D97656} = {82BBFFE2-9001-4025-887F-4B1A9C69C0E8}
		{99CB70A2-296A-4DC4-802C-FC6408ED96E6} = {CB922A4C-5B7E-4341-83B9-35926181F472}
		{80F00CC3-059E-434C-BCAA-F2703823A78A} = {6F0BD421-4C02-43C5-A106-3F7EDE3B6076}
		{FC430E52-2FC0-41B3-8DAE-F67EF1D22755} = {82BBFFE2-9001-4025-887F-4B1A9C69C0E8}
		{9A29C8E2-1BAD-4E85-9DEF-0EC9F79B2AA1} = {F0D447D3-A270-4E70-AC6B-0DFA63A01DC5}
		{93E70F2F-2E1E-4415-A7A1-2CA541EA228D} = {9A29C8E2-1BAD-4E85-9DEF-0EC9F79B2AA1}
		{2F11069C-070C-4867-AC8C-4794ED8157C0} = {9A29C8E2-1BAD-4E85-9DEF-0EC9F79B2AA1}
		{4834D316-ABE3-4C5E-8E3C-B0064BB2B70C} = {9A29C8E2-1BAD-4E85-9DEF-0EC9F79B2AA1}
		{EF77943A-F78B-4815-B846-4398BBD3F946} = {9A29C8E2-1BAD-4E85-9DEF-0EC9F79B2AA1}
		{1D3C77CA-D58E-4174-AC72-402FC895ADAD} = {4834D316-ABE3-4C5E-8E3C-B0064BB2B70C}
		{E74471E9-B9D4-4509-8F41-EDFCDF8487AA} = {2F11069C-070C-4867-AC8C-4794ED8157C0}
		{59E8CAB9-7C9F-4C4C-839B-9D83D5763F7C} = {93E70F2F-2E1E-4415-A7A1-2CA541EA228D}
		{69AC1D30-E43E-4259-8126-AB42DAF50651} = {EF77943A-F78B-4815-B846-4398BBD3F946}
		{2AF8FEBA-32E7-410D-8F06-FFAAD0037E65} = {EF77943A-F78B-4815-B846-4398BBD3F946}
		{FCD3AF63-A1B6-4EA8-A0DB-44AE95D012EF} = {EF77943A-F78B-4815-B846-4398BBD3F946}
		{2B701206-95AB-4F72-9794-8AED99DE0107} = {F0D447D3-A270-4E70-AC6B-0DFA63A01DC5}
		{3209C83E-958D-47B2-BB5E-7FCDD977A6BB} = {2B701206-95AB-4F72-9794-8AED99DE0107}
		{1C71E648-D34C-4BC5-A1C9-DBD923C8C780} = {2B701206-95AB-4F72-9794-8AED99DE0107}
		{25AA0F10-AC4F-40BA-AD3D-0B59A98C42B0} = {2B701206-95AB-4F72-9794-8AED99DE0107}
		{B8F0AAA1-4860-44AB-ACC0-2796EBEB409A} = {1C71E648-D34C-4BC5-A1C9-DBD923C8C780}
		{3BBA7C0C-31C4-449A-9736-F3BC5F4BAF67} = {3209C83E-958D-47B2-BB5E-7FCDD977A6BB}
		{CB8FFA1A-75B9-4E55-A277-CFE7564A2030} = {25AA0F10-AC4F-40BA-AD3D-0B59A98C42B0}
		{60B9CE91-5344-478F-8380-220F2B92E346} = {25AA0F10-AC4F-40BA-AD3D-0B59A98C42B0}
		{929BBB5B-D0D9-453E-8134-33E03D5D82B1} = {25AA0F10-AC4F-40BA-AD3D-0B59A98C42B0}
		{AC1ABFE8-BB02-471B-A627-40E0A500F2CA} = {F0D447D3-A270-4E70-AC6B-0DFA63A01DC5}
		{F5ECDA21-51F6-4F5A-BB7E-51A3CBA9D7CC} = {AC1ABFE8-BB02-471B-A627-40E0A500F2CA}
		{FACA657F-C7CF-4BB8-B6A2-D02836F5BD2A} = {AC1ABFE8-BB02-471B-A627-40E0A500F2CA}
		{D8CAFCBE-7864-4A8B-BF0F-D4790EF46614} = {AC1ABFE8-BB02-471B-A627-40E0A500F2CA}
		{D1D52420-A4AF-4A89-BDF6-AF6AA8CA67BC} = {AC1ABFE8-BB02-471B-A627-40E0A500F2CA}
		{2CD96EB8-74B6-4E93-8606-0A546E7D53E4} = {D8CAFCBE-7864-4A8B-BF0F-D4790EF46614}
		{BCA22759-4166-4C4F-8C66-B34355587F44} = {FACA657F-C7CF-4BB8-B6A2-D02836F5BD2A}
		{BC51C2FD-431C-4B3A-992D-7D9E51A33D27} = {F5ECDA21-51F6-4F5A-BB7E-51A3CBA9D7CC}
		{76DA23AB-46AB-4327-A0B5-3F8310980750} = {D1D52420-A4AF-4A89-BDF6-AF6AA8CA67BC}
		{A8D31E52-FBAA-4F17-A9A9-85F13D370A4E} = {D1D52420-A4AF-4A89-BDF6-AF6AA8CA67BC}
		{92A86AFC-2F66-48A8-9F5A-D8DCACA7B313} = {D1D52420-A4AF-4A89-BDF6-AF6AA8CA67BC}
		{89153781-B2D8-4658-8EB4-514D7DFFA8C5} = {6F0BD421-4C02-43C5-A106-3F7EDE3B6076}
		{8BCD4DC7-4452-4ED6-B77F-1D3822B0E9B0} = {093B862C-7B7A-45AC-B20B-4668B33D94AB}
		{0F8E1FE4-EDB3-41DA-8FF4-096D0C8E8C3B} = {530F7601-2B4D-4D88-BE53-2E4CBA9769B6}
		{ED6CA023-D402-4578-B125-0FF4221F2C33} = {530F7601-2B4D-4D88-BE53-2E4CBA9769B6}
		{530F7601-2B4D-4D88-BE53-2E4CBA9769B6} = {CF03F503-0022-46D5-A4DD-AE4CCF106404}
		{093B862C-7B7A-45AC-B20B-4668B33D94AB} = {E2D8DB07-6E85-4FC1-8234-7CE00853FAD7}
		{3704DEEA-74F6-4903-B153-BE8BE038ED48} = {82BBFFE2-9001-4025-887F-4B1A9C69C0E8}
		{CF1C1A6A-3037-46B0-B8D9-BD2F0225728C} = {3704DEEA-74F6-4903-B153-BE8BE038ED48}
		{696691B5-282A-49F2-9758-FC74AD6656ED} = {3704DEEA-74F6-4903-B153-BE8BE038ED48}
		{E9E25B34-A88F-4207-93FA-356960A1708D} = {25AA0F10-AC4F-40BA-AD3D-0B59A98C42B0}
	EndGlobalSection
	GlobalSection(ExtensibilityGlobals) = postSolution
		SolutionGuid = {615EA258-FFB2-45B7-9D73-B482C4E29616}
	EndGlobalSection
EndGlobal
