
Microsoft Visual Studio Solution File, Format Version 12.00
# Visual Studio Version 17
VisualStudioVersion = 17.0.31903.59
MinimumVisualStudioVersion = 10.0.40219.1
Project("{2150E333-8FDC-42A3-9474-1A3956D46DE8}") = "ShopModule", "ShopModule", "{9DFB846F-E47F-4E0C-B759-E5879BC1496A}"
EndProject
Project("{2150E333-8FDC-42A3-9474-1A3956D46DE8}") = "Domain", "Domain", "{9EEF7420-28FA-4F51-8FB1-092A251A39BA}"
EndProject
Project("{9A19103F-16F7-4668-BE54-9A1E7A4F7556}") = "0_Framework", "src\0_Framework\0_Framework.csproj", "{42D2EE79-BEC8-460A-873B-62E83E38AE6C}"
EndProject
Project("{2150E333-8FDC-42A3-9474-1A3956D46DE8}") = "Application", "Application", "{A710BD74-E8E7-41B4-BFDD-87197FD8D475}"
EndProject
Project("{9A19103F-16F7-4668-BE54-9A1E7A4F7556}") = "SM.Application", "src\Modules\ShopModule\Application\SM.Application\SM.Application.csproj", "{307D4BA7-014E-4ADC-B5CD-338E8F62C05E}"
EndProject
Project("{9A19103F-16F7-4668-BE54-9A1E7A4F7556}") = "SM.Domain", "src\Modules\ShopModule\Domain\SM.Domin\SM.Domain.csproj", "{BCE53CAD-1695-44DA-9551-034B173F2C4E}"
EndProject
Project("{2150E333-8FDC-42A3-9474-1A3956D46DE8}") = "Infrastructure", "Infrastructure", "{AA80FADA-65B1-40B4-948B-8D8E8334453D}"
EndProject
Project("{2150E333-8FDC-42A3-9474-1A3956D46DE8}") = "Modules", "Modules", "{F0D447D3-A270-4E70-AC6B-0DFA63A01DC5}"
EndProject
Project("{2150E333-8FDC-42A3-9474-1A3956D46DE8}") = "WebApi", "WebApi", "{63F7B0EA-0D01-4CB3-BDAB-C7E0777D7602}"
EndProject
Project("{9A19103F-16F7-4668-BE54-9A1E7A4F7556}") = "Shoppy.WebApi", "src\WebApi\Shoppy.WebApi\Shoppy.WebApi.csproj", "{63CCC61D-BA28-4DD6-AC5C-727B7634FDB7}"
EndProject
Project("{2150E333-8FDC-42A3-9474-1A3956D46DE8}") = "DiscountModule", "DiscountModule", "{2246184A-3099-42EF-A407-5ABEC85D273E}"
EndProject
Project("{2150E333-8FDC-42A3-9474-1A3956D46DE8}") = "Application", "Application", "{4DE0AEF5-1F31-4C8C-A390-810DB0C2278A}"
EndProject
Project("{2150E333-8FDC-42A3-9474-1A3956D46DE8}") = "Domain", "Domain", "{1F8EDF1A-D747-4176-BA93-EC3096C9F20E}"
EndProject
Project("{2150E333-8FDC-42A3-9474-1A3956D46DE8}") = "Infrastructure", "Infrastructure", "{E2D8DB07-6E85-4FC1-8234-7CE00853FAD7}"
EndProject
Project("{9A19103F-16F7-4668-BE54-9A1E7A4F7556}") = "DM.Domain", "src\Modules\DiscountModule\Domain\DM.Domain\DM.Domain.csproj", "{E45590E7-603F-4FFD-984F-1954A9A1C1CA}"
EndProject
Project("{9A19103F-16F7-4668-BE54-9A1E7A4F7556}") = "DM.Application", "src\Modules\DiscountModule\Application\DM.Application\DM.Application.csproj", "{24A09201-8EF8-43EE-B0D5-AFD99204AC93}"
EndProject
Project("{2150E333-8FDC-42A3-9474-1A3956D46DE8}") = "InventoryModule", "InventoryModule", "{E61A8890-8A4A-4C4C-B54E-81D9DF596E58}"
EndProject
Project("{2150E333-8FDC-42A3-9474-1A3956D46DE8}") = "Application", "Application", "{23CE2CC4-3A36-436F-AE70-8961331FC5C9}"
EndProject
Project("{2150E333-8FDC-42A3-9474-1A3956D46DE8}") = "Domain", "Domain", "{320FA2E3-6BBD-41D7-8507-CEAF41D45B98}"
EndProject
Project("{2150E333-8FDC-42A3-9474-1A3956D46DE8}") = "Infrastructure", "Infrastructure", "{CF03F503-0022-46D5-A4DD-AE4CCF106404}"
EndProject
Project("{9A19103F-16F7-4668-BE54-9A1E7A4F7556}") = "IM.Domain", "src\Modules\InventoryModule\Domain\IM.Domain\IM.Domain.csproj", "{14CD4E94-DC05-43CE-ACC0-7AE8785AB9C3}"
EndProject
Project("{9A19103F-16F7-4668-BE54-9A1E7A4F7556}") = "IM.Application", "src\Modules\InventoryModule\Application\IM.Application\IM.Application.csproj", "{3519183F-DCB9-443A-9C0E-8BE4E2EF1656}"
EndProject
Project("{9A19103F-16F7-4668-BE54-9A1E7A4F7556}") = "IM.Infrastructure", "src\Modules\InventoryModule\Infrastructure\IM.Infrastructure\IM.Infrastructure.csproj", "{385CDC4C-CDC7-499E-9087-689F24C000A9}"
EndProject
Project("{2150E333-8FDC-42A3-9474-1A3956D46DE8}") = "src", "src", "{6F0BD421-4C02-43C5-A106-3F7EDE3B6076}"
EndProject
Project("{2150E333-8FDC-42A3-9474-1A3956D46DE8}") = "Solution Items", "Solution Items", "{54AE45A0-3CED-4FD8-976D-C92BACCC03E6}"
	ProjectSection(SolutionItems) = preProject
		.editorconfig = .editorconfig
	EndProjectSection
EndProject
Project("{2150E333-8FDC-42A3-9474-1A3956D46DE8}") = "CommentModule", "CommentModule", "{C8A123F7-6220-49AA-8821-A8B963BEA87A}"
EndProject
Project("{2150E333-8FDC-42A3-9474-1A3956D46DE8}") = "Application", "Application", "{CB922A4C-5B7E-4341-83B9-35926181F472}"
EndProject
Project("{2150E333-8FDC-42A3-9474-1A3956D46DE8}") = "Domain", "Domain", "{A808ECEA-53AF-41D0-8963-4BCB72F280C2}"
EndProject
Project("{2150E333-8FDC-42A3-9474-1A3956D46DE8}") = "Infrastructure", "Infrastructure", "{82BBFFE2-9001-4025-887F-4B1A9C69C0E8}"
EndProject
Project("{9A19103F-16F7-4668-BE54-9A1E7A4F7556}") = "CM.Domain", "src\Modules\CommentModule\Domain\CM.Domain\CM.Domain.csproj", "{A258B152-4CB6-4EEC-8749-5CF522FEDA86}"
EndProject
Project("{9A19103F-16F7-4668-BE54-9A1E7A4F7556}") = "CM.Application", "src\Modules\CommentModule\Application\CM.Application\CM.Application.csproj", "{99CB70A2-296A-4DC4-802C-FC6408ED96E6}"
EndProject
Project("{9A19103F-16F7-4668-BE54-9A1E7A4F7556}") = "02_DI_Container", "src\02_DI_Container\02_DI_Container.csproj", "{80F00CC3-059E-434C-BCAA-F2703823A78A}"
EndProject
Project("{2150E333-8FDC-42A3-9474-1A3956D46DE8}") = "BlogModule", "BlogModule", "{9A29C8E2-1BAD-4E85-9DEF-0EC9F79B2AA1}"
EndProject
Project("{2150E333-8FDC-42A3-9474-1A3956D46DE8}") = "Application", "Application", "{93E70F2F-2E1E-4415-A7A1-2CA541EA228D}"
EndProject
Project("{2150E333-8FDC-42A3-9474-1A3956D46DE8}") = "Domain", "Domain", "{4834D316-ABE3-4C5E-8E3C-B0064BB2B70C}"
EndProject
Project("{2150E333-8FDC-42A3-9474-1A3956D46DE8}") = "Infrastructure", "Infrastructure", "{EF77943A-F78B-4815-B846-4398BBD3F946}"
EndProject
Project("{9A19103F-16F7-4668-BE54-9A1E7A4F7556}") = "BM.Domain", "src\Modules\BlogModule\Domain\BM.Domain\BM.Domain.csproj", "{1D3C77CA-D58E-4174-AC72-402FC895ADAD}"
EndProject
Project("{9A19103F-16F7-4668-BE54-9A1E7A4F7556}") = "BM.Application", "src\Modules\BlogModule\Application\BM.Application\BM.Application.csproj", "{59E8CAB9-7C9F-4C4C-839B-9D83D5763F7C}"
EndProject
Project("{2150E333-8FDC-42A3-9474-1A3956D46DE8}") = "docs", "docs", "{BE267BF2-B49E-43F1-A433-04083E04F0FB}"
EndProject
Project("{2150E333-8FDC-42A3-9474-1A3956D46DE8}") = "tests", "tests", "{9027A6CC-AE67-406D-9ADB-C553D0C106C7}"
EndProject
Project("{2150E333-8FDC-42A3-9474-1A3956D46DE8}") = "AccountModule", "AccountModule", "{2B701206-95AB-4F72-9794-8AED99DE0107}"
EndProject
Project("{2150E333-8FDC-42A3-9474-1A3956D46DE8}") = "Application", "Application", "{3209C83E-958D-47B2-BB5E-7FCDD977A6BB}"
EndProject
Project("{2150E333-8FDC-42A3-9474-1A3956D46DE8}") = "Domain", "Domain", "{1C71E648-D34C-4BC5-A1C9-DBD923C8C780}"
EndProject
Project("{2150E333-8FDC-42A3-9474-1A3956D46DE8}") = "Infrastructure", "Infrastructure", "{25AA0F10-AC4F-40BA-AD3D-0B59A98C42B0}"
EndProject
Project("{9A19103F-16F7-4668-BE54-9A1E7A4F7556}") = "AM.Domain", "src\Modules\AccountModule\AM.Domain\AM.Domain.csproj", "{B8F0AAA1-4860-44AB-ACC0-2796EBEB409A}"
EndProject
Project("{9A19103F-16F7-4668-BE54-9A1E7A4F7556}") = "AM.Application", "src\Modules\AccountModule\AM.Application\AM.Application.csproj", "{3BBA7C0C-31C4-449A-9736-F3BC5F4BAF67}"
EndProject
Project("{2150E333-8FDC-42A3-9474-1A3956D46DE8}") = "OrderModule", "OrderModule", "{AC1ABFE8-BB02-471B-A627-40E0A500F2CA}"
EndProject
Project("{2150E333-8FDC-42A3-9474-1A3956D46DE8}") = "Application", "Application", "{F5ECDA21-51F6-4F5A-BB7E-51A3CBA9D7CC}"
EndProject
Project("{2150E333-8FDC-42A3-9474-1A3956D46DE8}") = "Domain", "Domain", "{D8CAFCBE-7864-4A8B-BF0F-D4790EF46614}"
EndProject
Project("{2150E333-8FDC-42A3-9474-1A3956D46DE8}") = "Infrastructure", "Infrastructure", "{D1D52420-A4AF-4A89-BDF6-AF6AA8CA67BC}"
EndProject
Project("{9A19103F-16F7-4668-BE54-9A1E7A4F7556}") = "OM.Domain", "src\Modules\OrderModule\Domain\OM.Domain\OM.Domain.csproj", "{2CD96EB8-74B6-4E93-8606-0A546E7D53E4}"
EndProject
Project("{9A19103F-16F7-4668-BE54-9A1E7A4F7556}") = "OM.Application", "src\Modules\OrderModule\Application\OM.Application\OM.Application.csproj", "{BC51C2FD-431C-4B3A-992D-7D9E51A33D27}"
EndProject
Project("{E53339B2-1760-4266-BCC7-CA923CBCF16C}") = "docker-compose", "docker-compose.dcproj", "{22B8DB2F-2FFB-4849-B908-D6E61A25E24B}"
EndProject
Project("{9A19103F-16F7-4668-BE54-9A1E7A4F7556}") = "AM.Infrastructure", "src\Modules\AccountModule\AM.Infrastructure\AM.Infrastructure.csproj", "{E9E25B34-A88F-4207-93FA-356960A1708D}"
EndProject
Project("{9A19103F-16F7-4668-BE54-9A1E7A4F7556}") = "BM.Infrastructure", "src\Modules\BlogModule\Infrastructure\BM.Infrastructure\BM.Infrastructure.csproj", "{F00C5946-7AE5-441B-8465-F78D53096015}"
EndProject
Project("{9A19103F-16F7-4668-BE54-9A1E7A4F7556}") = "SM.Infrastructure", "src\Modules\ShopModule\Infrastructure\SM.Infrastructure\SM.Infrastructure.csproj", "{77FEC3FF-F2AD-4BE6-874B-6170855200DE}"
EndProject
Project("{FAE04EC0-301F-11D3-BF4B-00C04F79EFBC}") = "OM.Infrastructure", "src\Modules\OrderModule\Infrastructure\OM.Infrastructure\OM.Infrastructure.csproj", "{5E007CD3-7122-4EAF-8C62-2E4A79BCD434}"
EndProject
Project("{FAE04EC0-301F-11D3-BF4B-00C04F79EFBC}") = "CM.Infrastructure", "src\Modules\OrderModule\Infrastructure\CM.Infrastructure\CM.Infrastructure.csproj", "{73244340-A9FF-41B1-87D5-D840AB076B2B}"
EndProject
Project("{FAE04EC0-301F-11D3-BF4B-00C04F79EFBC}") = "DM.Infrastructure", "src\Modules\DiscountModule\Infrastructure\DM.Infrastructure\DM.Infrastructure.csproj", "{395547EB-6458-4A2A-B39F-01FD20B1E0AB}"
EndProject
Global
	GlobalSection(SolutionConfigurationPlatforms) = preSolution
		Debug|Any CPU = Debug|Any CPU
		Release|Any CPU = Release|Any CPU
	EndGlobalSection
	GlobalSection(ProjectConfigurationPlatforms) = postSolution
		{42D2EE79-BEC8-460A-873B-62E83E38AE6C}.Debug|Any CPU.ActiveCfg = Debug|Any CPU
		{42D2EE79-BEC8-460A-873B-62E83E38AE6C}.Debug|Any CPU.Build.0 = Debug|Any CPU
		{42D2EE79-BEC8-460A-873B-62E83E38AE6C}.Release|Any CPU.ActiveCfg = Release|Any CPU
		{42D2EE79-BEC8-460A-873B-62E83E38AE6C}.Release|Any CPU.Build.0 = Release|Any CPU
		{307D4BA7-014E-4ADC-B5CD-338E8F62C05E}.Debug|Any CPU.ActiveCfg = Debug|Any CPU
		{307D4BA7-014E-4ADC-B5CD-338E8F62C05E}.Debug|Any CPU.Build.0 = Debug|Any CPU
		{307D4BA7-014E-4ADC-B5CD-338E8F62C05E}.Release|Any CPU.ActiveCfg = Release|Any CPU
		{307D4BA7-014E-4ADC-B5CD-338E8F62C05E}.Release|Any CPU.Build.0 = Release|Any CPU
		{BCE53CAD-1695-44DA-9551-034B173F2C4E}.Debug|Any CPU.ActiveCfg = Debug|Any CPU
		{BCE53CAD-1695-44DA-9551-034B173F2C4E}.Debug|Any CPU.Build.0 = Debug|Any CPU
		{BCE53CAD-1695-44DA-9551-034B173F2C4E}.Release|Any CPU.ActiveCfg = Release|Any CPU
		{BCE53CAD-1695-44DA-9551-034B173F2C4E}.Release|Any CPU.Build.0 = Release|Any CPU
		{63CCC61D-BA28-4DD6-AC5C-727B7634FDB7}.Debug|Any CPU.ActiveCfg = Debug|Any CPU
		{63CCC61D-BA28-4DD6-AC5C-727B7634FDB7}.Debug|Any CPU.Build.0 = Debug|Any CPU
		{63CCC61D-BA28-4DD6-AC5C-727B7634FDB7}.Release|Any CPU.ActiveCfg = Release|Any CPU
		{63CCC61D-BA28-4DD6-AC5C-727B7634FDB7}.Release|Any CPU.Build.0 = Release|Any CPU
		{E45590E7-603F-4FFD-984F-1954A9A1C1CA}.Debug|Any CPU.ActiveCfg = Debug|Any CPU
		{E45590E7-603F-4FFD-984F-1954A9A1C1CA}.Debug|Any CPU.Build.0 = Debug|Any CPU
		{E45590E7-603F-4FFD-984F-1954A9A1C1CA}.Release|Any CPU.ActiveCfg = Release|Any CPU
		{E45590E7-603F-4FFD-984F-1954A9A1C1CA}.Release|Any CPU.Build.0 = Release|Any CPU
		{24A09201-8EF8-43EE-B0D5-AFD99204AC93}.Debug|Any CPU.ActiveCfg = Debug|Any CPU
		{24A09201-8EF8-43EE-B0D5-AFD99204AC93}.Debug|Any CPU.Build.0 = Debug|Any CPU
		{24A09201-8EF8-43EE-B0D5-AFD99204AC93}.Release|Any CPU.ActiveCfg = Release|Any CPU
		{24A09201-8EF8-43EE-B0D5-AFD99204AC93}.Release|Any CPU.Build.0 = Release|Any CPU
		{14CD4E94-DC05-43CE-ACC0-7AE8785AB9C3}.Debug|Any CPU.ActiveCfg = Debug|Any CPU
		{14CD4E94-DC05-43CE-ACC0-7AE8785AB9C3}.Debug|Any CPU.Build.0 = Debug|Any CPU
		{14CD4E94-DC05-43CE-ACC0-7AE8785AB9C3}.Release|Any CPU.ActiveCfg = Release|Any CPU
		{14CD4E94-DC05-43CE-ACC0-7AE8785AB9C3}.Release|Any CPU.Build.0 = Release|Any CPU
		{3519183F-DCB9-443A-9C0E-8BE4E2EF1656}.Debug|Any CPU.ActiveCfg = Debug|Any CPU
		{3519183F-DCB9-443A-9C0E-8BE4E2EF1656}.Debug|Any CPU.Build.0 = Debug|Any CPU
		{3519183F-DCB9-443A-9C0E-8BE4E2EF1656}.Release|Any CPU.ActiveCfg = Release|Any CPU
		{3519183F-DCB9-443A-9C0E-8BE4E2EF1656}.Release|Any CPU.Build.0 = Release|Any CPU
		{385CDC4C-CDC7-499E-9087-689F24C000A9}.Debug|Any CPU.ActiveCfg = Debug|Any CPU
		{385CDC4C-CDC7-499E-9087-689F24C000A9}.Debug|Any CPU.Build.0 = Debug|Any CPU
		{385CDC4C-CDC7-499E-9087-689F24C000A9}.Release|Any CPU.ActiveCfg = Release|Any CPU
		{385CDC4C-CDC7-499E-9087-689F24C000A9}.Release|Any CPU.Build.0 = Release|Any CPU
		{A258B152-4CB6-4EEC-8749-5CF522FEDA86}.Debug|Any CPU.ActiveCfg = Debug|Any CPU
		{A258B152-4CB6-4EEC-8749-5CF522FEDA86}.Debug|Any CPU.Build.0 = Debug|Any CPU
		{A258B152-4CB6-4EEC-8749-5CF522FEDA86}.Release|Any CPU.ActiveCfg = Release|Any CPU
		{A258B152-4CB6-4EEC-8749-5CF522FEDA86}.Release|Any CPU.Build.0 = Release|Any CPU
		{99CB70A2-296A-4DC4-802C-FC6408ED96E6}.Debug|Any CPU.ActiveCfg = Debug|Any CPU
		{99CB70A2-296A-4DC4-802C-FC6408ED96E6}.Debug|Any CPU.Build.0 = Debug|Any CPU
		{99CB70A2-296A-4DC4-802C-FC6408ED96E6}.Release|Any CPU.ActiveCfg = Release|Any CPU
		{99CB70A2-296A-4DC4-802C-FC6408ED96E6}.Release|Any CPU.Build.0 = Release|Any CPU
		{80F00CC3-059E-434C-BCAA-F2703823A78A}.Debug|Any CPU.ActiveCfg = Debug|Any CPU
		{80F00CC3-059E-434C-BCAA-F2703823A78A}.Debug|Any CPU.Build.0 = Debug|Any CPU
		{80F00CC3-059E-434C-BCAA-F2703823A78A}.Release|Any CPU.ActiveCfg = Release|Any CPU
		{80F00CC3-059E-434C-BCAA-F2703823A78A}.Release|Any CPU.Build.0 = Release|Any CPU
		{1D3C77CA-D58E-4174-AC72-402FC895ADAD}.Debug|Any CPU.ActiveCfg = Debug|Any CPU
		{1D3C77CA-D58E-4174-AC72-402FC895ADAD}.Debug|Any CPU.Build.0 = Debug|Any CPU
		{1D3C77CA-D58E-4174-AC72-402FC895ADAD}.Release|Any CPU.ActiveCfg = Release|Any CPU
		{1D3C77CA-D58E-4174-AC72-402FC895ADAD}.Release|Any CPU.Build.0 = Release|Any CPU
		{59E8CAB9-7C9F-4C4C-839B-9D83D5763F7C}.Debug|Any CPU.ActiveCfg = Debug|Any CPU
		{59E8CAB9-7C9F-4C4C-839B-9D83D5763F7C}.Debug|Any CPU.Build.0 = Debug|Any CPU
		{59E8CAB9-7C9F-4C4C-839B-9D83D5763F7C}.Release|Any CPU.ActiveCfg = Release|Any CPU
		{59E8CAB9-7C9F-4C4C-839B-9D83D5763F7C}.Release|Any CPU.Build.0 = Release|Any CPU
		{B8F0AAA1-4860-44AB-ACC0-2796EBEB409A}.Debug|Any CPU.ActiveCfg = Debug|Any CPU
		{B8F0AAA1-4860-44AB-ACC0-2796EBEB409A}.Debug|Any CPU.Build.0 = Debug|Any CPU
		{B8F0AAA1-4860-44AB-ACC0-2796EBEB409A}.Release|Any CPU.ActiveCfg = Release|Any CPU
		{B8F0AAA1-4860-44AB-ACC0-2796EBEB409A}.Release|Any CPU.Build.0 = Release|Any CPU
		{3BBA7C0C-31C4-449A-9736-F3BC5F4BAF67}.Debug|Any CPU.ActiveCfg = Debug|Any CPU
		{3BBA7C0C-31C4-449A-9736-F3BC5F4BAF67}.Debug|Any CPU.Build.0 = Debug|Any CPU
		{3BBA7C0C-31C4-449A-9736-F3BC5F4BAF67}.Release|Any CPU.ActiveCfg = Release|Any CPU
		{3BBA7C0C-31C4-449A-9736-F3BC5F4BAF67}.Release|Any CPU.Build.0 = Release|Any CPU
		{2CD96EB8-74B6-4E93-8606-0A546E7D53E4}.Debug|Any CPU.ActiveCfg = Debug|Any CPU
		{2CD96EB8-74B6-4E93-8606-0A546E7D53E4}.Debug|Any CPU.Build.0 = Debug|Any CPU
		{2CD96EB8-74B6-4E93-8606-0A546E7D53E4}.Release|Any CPU.ActiveCfg = Release|Any CPU
		{2CD96EB8-74B6-4E93-8606-0A546E7D53E4}.Release|Any CPU.Build.0 = Release|Any CPU
		{BC51C2FD-431C-4B3A-992D-7D9E51A33D27}.Debug|Any CPU.ActiveCfg = Debug|Any CPU
		{BC51C2FD-431C-4B3A-992D-7D9E51A33D27}.Debug|Any CPU.Build.0 = Debug|Any CPU
		{BC51C2FD-431C-4B3A-992D-7D9E51A33D27}.Release|Any CPU.ActiveCfg = Release|Any CPU
		{BC51C2FD-431C-4B3A-992D-7D9E51A33D27}.Release|Any CPU.Build.0 = Release|Any CPU
		{22B8DB2F-2FFB-4849-B908-D6E61A25E24B}.Debug|Any CPU.ActiveCfg = Debug|Any CPU
		{22B8DB2F-2FFB-4849-B908-D6E61A25E24B}.Debug|Any CPU.Build.0 = Debug|Any CPU
		{22B8DB2F-2FFB-4849-B908-D6E61A25E24B}.Release|Any CPU.ActiveCfg = Release|Any CPU
		{22B8DB2F-2FFB-4849-B908-D6E61A25E24B}.Release|Any CPU.Build.0 = Release|Any CPU
		{E9E25B34-A88F-4207-93FA-356960A1708D}.Debug|Any CPU.ActiveCfg = Debug|Any CPU
		{E9E25B34-A88F-4207-93FA-356960A1708D}.Debug|Any CPU.Build.0 = Debug|Any CPU
		{E9E25B34-A88F-4207-93FA-356960A1708D}.Release|Any CPU.ActiveCfg = Release|Any CPU
		{E9E25B34-A88F-4207-93FA-356960A1708D}.Release|Any CPU.Build.0 = Release|Any CPU
		{F00C5946-7AE5-441B-8465-F78D53096015}.Debug|Any CPU.ActiveCfg = Debug|Any CPU
		{F00C5946-7AE5-441B-8465-F78D53096015}.Debug|Any CPU.Build.0 = Debug|Any CPU
		{F00C5946-7AE5-441B-8465-F78D53096015}.Release|Any CPU.ActiveCfg = Release|Any CPU
		{F00C5946-7AE5-441B-8465-F78D53096015}.Release|Any CPU.Build.0 = Release|Any CPU
		{77FEC3FF-F2AD-4BE6-874B-6170855200DE}.Debug|Any CPU.ActiveCfg = Debug|Any CPU
		{77FEC3FF-F2AD-4BE6-874B-6170855200DE}.Debug|Any CPU.Build.0 = Debug|Any CPU
		{77FEC3FF-F2AD-4BE6-874B-6170855200DE}.Release|Any CPU.ActiveCfg = Release|Any CPU
		{77FEC3FF-F2AD-4BE6-874B-6170855200DE}.Release|Any CPU.Build.0 = Release|Any CPU
		{5E007CD3-7122-4EAF-8C62-2E4A79BCD434}.Debug|Any CPU.ActiveCfg = Debug|Any CPU
		{5E007CD3-7122-4EAF-8C62-2E4A79BCD434}.Debug|Any CPU.Build.0 = Debug|Any CPU
		{5E007CD3-7122-4EAF-8C62-2E4A79BCD434}.Release|Any CPU.ActiveCfg = Release|Any CPU
		{5E007CD3-7122-4EAF-8C62-2E4A79BCD434}.Release|Any CPU.Build.0 = Release|Any CPU
		{73244340-A9FF-41B1-87D5-D840AB076B2B}.Debug|Any CPU.ActiveCfg = Debug|Any CPU
		{73244340-A9FF-41B1-87D5-D840AB076B2B}.Debug|Any CPU.Build.0 = Debug|Any CPU
		{73244340-A9FF-41B1-87D5-D840AB076B2B}.Release|Any CPU.ActiveCfg = Release|Any CPU
		{73244340-A9FF-41B1-87D5-D840AB076B2B}.Release|Any CPU.Build.0 = Release|Any CPU
		{395547EB-6458-4A2A-B39F-01FD20B1E0AB}.Debug|Any CPU.ActiveCfg = Debug|Any CPU
		{395547EB-6458-4A2A-B39F-01FD20B1E0AB}.Debug|Any CPU.Build.0 = Debug|Any CPU
		{395547EB-6458-4A2A-B39F-01FD20B1E0AB}.Release|Any CPU.ActiveCfg = Release|Any CPU
		{395547EB-6458-4A2A-B39F-01FD20B1E0AB}.Release|Any CPU.Build.0 = Release|Any CPU
	EndGlobalSection
	GlobalSection(SolutionProperties) = preSolution
		HideSolutionNode = FALSE
	EndGlobalSection
	GlobalSection(NestedProjects) = preSolution
		{9DFB846F-E47F-4E0C-B759-E5879BC1496A} = {F0D447D3-A270-4E70-AC6B-0DFA63A01DC5}
		{9EEF7420-28FA-4F51-8FB1-092A251A39BA} = {9DFB846F-E47F-4E0C-B759-E5879BC1496A}
		{42D2EE79-BEC8-460A-873B-62E83E38AE6C} = {6F0BD421-4C02-43C5-A106-3F7EDE3B6076}
		{A710BD74-E8E7-41B4-BFDD-87197FD8D475} = {9DFB846F-E47F-4E0C-B759-E5879BC1496A}
		{307D4BA7-014E-4ADC-B5CD-338E8F62C05E} = {A710BD74-E8E7-41B4-BFDD-87197FD8D475}
		{BCE53CAD-1695-44DA-9551-034B173F2C4E} = {9EEF7420-28FA-4F51-8FB1-092A251A39BA}
		{AA80FADA-65B1-40B4-948B-8D8E8334453D} = {9DFB846F-E47F-4E0C-B759-E5879BC1496A}
		{F0D447D3-A270-4E70-AC6B-0DFA63A01DC5} = {6F0BD421-4C02-43C5-A106-3F7EDE3B6076}
		{63F7B0EA-0D01-4CB3-BDAB-C7E0777D7602} = {6F0BD421-4C02-43C5-A106-3F7EDE3B6076}
		{63CCC61D-BA28-4DD6-AC5C-727B7634FDB7} = {63F7B0EA-0D01-4CB3-BDAB-C7E0777D7602}
		{2246184A-3099-42EF-A407-5ABEC85D273E} = {F0D447D3-A270-4E70-AC6B-0DFA63A01DC5}
		{4DE0AEF5-1F31-4C8C-A390-810DB0C2278A} = {2246184A-3099-42EF-A407-5ABEC85D273E}
		{1F8EDF1A-D747-4176-BA93-EC3096C9F20E} = {2246184A-3099-42EF-A407-5ABEC85D273E}
		{E2D8DB07-6E85-4FC1-8234-7CE00853FAD7} = {2246184A-3099-42EF-A407-5ABEC85D273E}
		{E45590E7-603F-4FFD-984F-1954A9A1C1CA} = {1F8EDF1A-D747-4176-BA93-EC3096C9F20E}
		{24A09201-8EF8-43EE-B0D5-AFD99204AC93} = {4DE0AEF5-1F31-4C8C-A390-810DB0C2278A}
		{E61A8890-8A4A-4C4C-B54E-81D9DF596E58} = {F0D447D3-A270-4E70-AC6B-0DFA63A01DC5}
		{23CE2CC4-3A36-436F-AE70-8961331FC5C9} = {E61A8890-8A4A-4C4C-B54E-81D9DF596E58}
		{320FA2E3-6BBD-41D7-8507-CEAF41D45B98} = {E61A8890-8A4A-4C4C-B54E-81D9DF596E58}
		{CF03F503-0022-46D5-A4DD-AE4CCF106404} = {E61A8890-8A4A-4C4C-B54E-81D9DF596E58}
		{14CD4E94-DC05-43CE-ACC0-7AE8785AB9C3} = {320FA2E3-6BBD-41D7-8507-CEAF41D45B98}
		{3519183F-DCB9-443A-9C0E-8BE4E2EF1656} = {23CE2CC4-3A36-436F-AE70-8961331FC5C9}
		{385CDC4C-CDC7-499E-9087-689F24C000A9} = {CF03F503-0022-46D5-A4DD-AE4CCF106404}
		{C8A123F7-6220-49AA-8821-A8B963BEA87A} = {F0D447D3-A270-4E70-AC6B-0DFA63A01DC5}
		{CB922A4C-5B7E-4341-83B9-35926181F472} = {C8A123F7-6220-49AA-8821-A8B963BEA87A}
		{A808ECEA-53AF-41D0-8963-4BCB72F280C2} = {C8A123F7-6220-49AA-8821-A8B963BEA87A}
		{82BBFFE2-9001-4025-887F-4B1A9C69C0E8} = {C8A123F7-6220-49AA-8821-A8B963BEA87A}
		{A258B152-4CB6-4EEC-8749-5CF522FEDA86} = {A808ECEA-53AF-41D0-8963-4BCB72F280C2}
		{99CB70A2-296A-4DC4-802C-FC6408ED96E6} = {CB922A4C-5B7E-4341-83B9-35926181F472}
		{80F00CC3-059E-434C-BCAA-F2703823A78A} = {6F0BD421-4C02-43C5-A106-3F7EDE3B6076}
		{9A29C8E2-1BAD-4E85-9DEF-0EC9F79B2AA1} = {F0D447D3-A270-4E70-AC6B-0DFA63A01DC5}
		{93E70F2F-2E1E-4415-A7A1-2CA541EA228D} = {9A29C8E2-1BAD-4E85-9DEF-0EC9F79B2AA1}
		{4834D316-ABE3-4C5E-8E3C-B0064BB2B70C} = {9A29C8E2-1BAD-4E85-9DEF-0EC9F79B2AA1}
		{EF77943A-F78B-4815-B846-4398BBD3F946} = {9A29C8E2-1BAD-4E85-9DEF-0EC9F79B2AA1}
		{1D3C77CA-D58E-4174-AC72-402FC895ADAD} = {4834D316-ABE3-4C5E-8E3C-B0064BB2B70C}
		{59E8CAB9-7C9F-4C4C-839B-9D83D5763F7C} = {93E70F2F-2E1E-4415-A7A1-2CA541EA228D}
		{2B701206-95AB-4F72-9794-8AED99DE0107} = {F0D447D3-A270-4E70-AC6B-0DFA63A01DC5}
		{3209C83E-958D-47B2-BB5E-7FCDD977A6BB} = {2B701206-95AB-4F72-9794-8AED99DE0107}
		{1C71E648-D34C-4BC5-A1C9-DBD923C8C780} = {2B701206-95AB-4F72-9794-8AED99DE0107}
		{25AA0F10-AC4F-40BA-AD3D-0B59A98C42B0} = {2B701206-95AB-4F72-9794-8AED99DE0107}
		{B8F0AAA1-4860-44AB-ACC0-2796EBEB409A} = {1C71E648-D34C-4BC5-A1C9-DBD923C8C780}
		{3BBA7C0C-31C4-449A-9736-F3BC5F4BAF67} = {3209C83E-958D-47B2-BB5E-7FCDD977A6BB}
		{AC1ABFE8-BB02-471B-A627-40E0A500F2CA} = {F0D447D3-A270-4E70-AC6B-0DFA63A01DC5}
		{F5ECDA21-51F6-4F5A-BB7E-51A3CBA9D7CC} = {AC1ABFE8-BB02-471B-A627-40E0A500F2CA}
		{D8CAFCBE-7864-4A8B-BF0F-D4790EF46614} = {AC1ABFE8-BB02-471B-A627-40E0A500F2CA}
		{D1D52420-A4AF-4A89-BDF6-AF6AA8CA67BC} = {AC1ABFE8-BB02-471B-A627-40E0A500F2CA}
		{2CD96EB8-74B6-4E93-8606-0A546E7D53E4} = {D8CAFCBE-7864-4A8B-BF0F-D4790EF46614}
		{BC51C2FD-431C-4B3A-992D-7D9E51A33D27} = {F5ECDA21-51F6-4F5A-BB7E-51A3CBA9D7CC}
		{E9E25B34-A88F-4207-93FA-356960A1708D} = {25AA0F10-AC4F-40BA-AD3D-0B59A98C42B0}
		{F00C5946-7AE5-441B-8465-F78D53096015} = {EF77943A-F78B-4815-B846-4398BBD3F946}
		{77FEC3FF-F2AD-4BE6-874B-6170855200DE} = {AA80FADA-65B1-40B4-948B-8D8E8334453D}
		{5E007CD3-7122-4EAF-8C62-2E4A79BCD434} = {D1D52420-A4AF-4A89-BDF6-AF6AA8CA67BC}
		{73244340-A9FF-41B1-87D5-D840AB076B2B} = {82BBFFE2-9001-4025-887F-4B1A9C69C0E8}
		{395547EB-6458-4A2A-B39F-01FD20B1E0AB} = {E2D8DB07-6E85-4FC1-8234-7CE00853FAD7}
	EndGlobalSection
	GlobalSection(ExtensibilityGlobals) = postSolution
		SolutionGuid = {615EA258-FFB2-45B7-9D73-B482C4E29616}
	EndGlobalSection
EndGlobal
