
Microsoft Visual Studio Solution File, Format Version 12.00
# Visual Studio Version 17
VisualStudioVersion = 17.0.31903.59
MinimumVisualStudioVersion = 10.0.40219.1
Project("{2150E333-8FDC-42A3-9474-1A3956D46DE8}") = "ShopModule", "ShopModule", "{9DFB846F-E47F-4E0C-B759-E5879BC1496A}"
EndProject
Project("{2150E333-8FDC-42A3-9474-1A3956D46DE8}") = "Domain", "Domain", "{9EEF7420-28FA-4F51-8FB1-092A251A39BA}"
EndProject
Project("{9A19103F-16F7-4668-BE54-9A1E7A4F7556}") = "0_Framework", "src\0_Framework\0_Framework.csproj", "{42D2EE79-BEC8-460A-873B-62E83E38AE6C}"
EndProject
Project("{2150E333-8FDC-42A3-9474-1A3956D46DE8}") = "Application.Contracts", "Application.Contracts", "{D4FD7EB2-E5DC-4387-8D70-7A1CF755E83C}"
EndProject
Project("{9A19103F-16F7-4668-BE54-9A1E7A4F7556}") = "SM.Application.Contracts", "src\Modules\ShopModule\Application.Contracts\SM.Application.Contracts\SM.Application.Contracts.csproj", "{E721DB30-B72B-4279-AA15-ACA7655C0C36}"
EndProject
Project("{2150E333-8FDC-42A3-9474-1A3956D46DE8}") = "Application", "Application", "{A710BD74-E8E7-41B4-BFDD-87197FD8D475}"
EndProject
Project("{9A19103F-16F7-4668-BE54-9A1E7A4F7556}") = "SM.Application", "src\Modules\ShopModule\Application\SM.Application\SM.Application.csproj", "{307D4BA7-014E-4ADC-B5CD-338E8F62C05E}"
EndProject
Project("{9A19103F-16F7-4668-BE54-9A1E7A4F7556}") = "SM.Domain", "src\Modules\ShopModule\Domain\SM.Domin\SM.Domain.csproj", "{BCE53CAD-1695-44DA-9551-034B173F2C4E}"
EndProject
Project("{2150E333-8FDC-42A3-9474-1A3956D46DE8}") = "Infrastructure", "Infrastructure", "{AA80FADA-65B1-40B4-948B-8D8E8334453D}"
EndProject
Project("{9A19103F-16F7-4668-BE54-9A1E7A4F7556}") = "SM.Infrastructure.Persistence", "src\Modules\ShopModule\Infrastructure\SM.Infrastructure.Persistence\SM.Infrastructure.Persistence.csproj", "{9B7490BB-7340-4D98-BB1A-89D33B12AD9D}"
EndProject
Project("{9A19103F-16F7-4668-BE54-9A1E7A4F7556}") = "SM.Infrastructure.Shared", "src\Modules\ShopModule\Infrastructure\SM.Infrastructure.Shared\SM.Infrastructure.Shared.csproj", "{3621DB4D-2A34-4B1D-901D-FF9BA450864D}"
EndProject
Project("{9A19103F-16F7-4668-BE54-9A1E7A4F7556}") = "SM.Infrastructure.Configuration", "src\Modules\ShopModule\Infrastructure\SM.Infrastructure.Configuration\SM.Infrastructure.Configuration.csproj", "{7B4BEFD5-6625-461C-86CC-7359E44F43E4}"
EndProject
Project("{2150E333-8FDC-42A3-9474-1A3956D46DE8}") = "Modules", "Modules", "{F0D447D3-A270-4E70-AC6B-0DFA63A01DC5}"
EndProject
Project("{2150E333-8FDC-42A3-9474-1A3956D46DE8}") = "WebApi", "WebApi", "{63F7B0EA-0D01-4CB3-BDAB-C7E0777D7602}"
EndProject
Project("{9A19103F-16F7-4668-BE54-9A1E7A4F7556}") = "Shoppy.WebApi", "src\WebApi\Shoppy.WebApi\Shoppy.WebApi.csproj", "{63CCC61D-BA28-4DD6-AC5C-727B7634FDB7}"
EndProject
Project("{9A19103F-16F7-4668-BE54-9A1E7A4F7556}") = "01_Shoppy.Query", "src\01_Shoppy.Query\01_Shoppy.Query.csproj", "{96D6511C-D60A-4CC0-813E-16B684BFB281}"
EndProject
Project("{2150E333-8FDC-42A3-9474-1A3956D46DE8}") = "DiscountModule", "DiscountModule", "{2246184A-3099-42EF-A407-5ABEC85D273E}"
EndProject
Project("{2150E333-8FDC-42A3-9474-1A3956D46DE8}") = "Application", "Application", "{4DE0AEF5-1F31-4C8C-A390-810DB0C2278A}"
EndProject
Project("{2150E333-8FDC-42A3-9474-1A3956D46DE8}") = "Application.Contracts", "Application.Contracts", "{DC037E3A-4272-4C07-BB6B-AA02FAC9C1FC}"
EndProject
Project("{2150E333-8FDC-42A3-9474-1A3956D46DE8}") = "Domain", "Domain", "{1F8EDF1A-D747-4176-BA93-EC3096C9F20E}"
EndProject
Project("{2150E333-8FDC-42A3-9474-1A3956D46DE8}") = "Infrastructure", "Infrastructure", "{E2D8DB07-6E85-4FC1-8234-7CE00853FAD7}"
EndProject
Project("{FAE04EC0-301F-11D3-BF4B-00C04F79EFBC}") = "DM.Domain", "src\Modules\DiscountModule\Domain\DM.Domain\DM.Domain.csproj", "{E45590E7-603F-4FFD-984F-1954A9A1C1CA}"
EndProject
Global
	GlobalSection(SolutionConfigurationPlatforms) = preSolution
		Debug|Any CPU = Debug|Any CPU
		Release|Any CPU = Release|Any CPU
	EndGlobalSection
	GlobalSection(ProjectConfigurationPlatforms) = postSolution
		{42D2EE79-BEC8-460A-873B-62E83E38AE6C}.Debug|Any CPU.ActiveCfg = Debug|Any CPU
		{42D2EE79-BEC8-460A-873B-62E83E38AE6C}.Debug|Any CPU.Build.0 = Debug|Any CPU
		{42D2EE79-BEC8-460A-873B-62E83E38AE6C}.Release|Any CPU.ActiveCfg = Release|Any CPU
		{42D2EE79-BEC8-460A-873B-62E83E38AE6C}.Release|Any CPU.Build.0 = Release|Any CPU
		{E721DB30-B72B-4279-AA15-ACA7655C0C36}.Debug|Any CPU.ActiveCfg = Debug|Any CPU
		{E721DB30-B72B-4279-AA15-ACA7655C0C36}.Debug|Any CPU.Build.0 = Debug|Any CPU
		{E721DB30-B72B-4279-AA15-ACA7655C0C36}.Release|Any CPU.ActiveCfg = Release|Any CPU
		{E721DB30-B72B-4279-AA15-ACA7655C0C36}.Release|Any CPU.Build.0 = Release|Any CPU
		{307D4BA7-014E-4ADC-B5CD-338E8F62C05E}.Debug|Any CPU.ActiveCfg = Debug|Any CPU
		{307D4BA7-014E-4ADC-B5CD-338E8F62C05E}.Debug|Any CPU.Build.0 = Debug|Any CPU
		{307D4BA7-014E-4ADC-B5CD-338E8F62C05E}.Release|Any CPU.ActiveCfg = Release|Any CPU
		{307D4BA7-014E-4ADC-B5CD-338E8F62C05E}.Release|Any CPU.Build.0 = Release|Any CPU
		{BCE53CAD-1695-44DA-9551-034B173F2C4E}.Debug|Any CPU.ActiveCfg = Debug|Any CPU
		{BCE53CAD-1695-44DA-9551-034B173F2C4E}.Debug|Any CPU.Build.0 = Debug|Any CPU
		{BCE53CAD-1695-44DA-9551-034B173F2C4E}.Release|Any CPU.ActiveCfg = Release|Any CPU
		{BCE53CAD-1695-44DA-9551-034B173F2C4E}.Release|Any CPU.Build.0 = Release|Any CPU
		{9B7490BB-7340-4D98-BB1A-89D33B12AD9D}.Debug|Any CPU.ActiveCfg = Debug|Any CPU
		{9B7490BB-7340-4D98-BB1A-89D33B12AD9D}.Debug|Any CPU.Build.0 = Debug|Any CPU
		{9B7490BB-7340-4D98-BB1A-89D33B12AD9D}.Release|Any CPU.ActiveCfg = Release|Any CPU
		{9B7490BB-7340-4D98-BB1A-89D33B12AD9D}.Release|Any CPU.Build.0 = Release|Any CPU
		{3621DB4D-2A34-4B1D-901D-FF9BA450864D}.Debug|Any CPU.ActiveCfg = Debug|Any CPU
		{3621DB4D-2A34-4B1D-901D-FF9BA450864D}.Debug|Any CPU.Build.0 = Debug|Any CPU
		{3621DB4D-2A34-4B1D-901D-FF9BA450864D}.Release|Any CPU.ActiveCfg = Release|Any CPU
		{3621DB4D-2A34-4B1D-901D-FF9BA450864D}.Release|Any CPU.Build.0 = Release|Any CPU
		{7B4BEFD5-6625-461C-86CC-7359E44F43E4}.Debug|Any CPU.ActiveCfg = Debug|Any CPU
		{7B4BEFD5-6625-461C-86CC-7359E44F43E4}.Debug|Any CPU.Build.0 = Debug|Any CPU
		{7B4BEFD5-6625-461C-86CC-7359E44F43E4}.Release|Any CPU.ActiveCfg = Release|Any CPU
		{7B4BEFD5-6625-461C-86CC-7359E44F43E4}.Release|Any CPU.Build.0 = Release|Any CPU
		{63CCC61D-BA28-4DD6-AC5C-727B7634FDB7}.Debug|Any CPU.ActiveCfg = Debug|Any CPU
		{63CCC61D-BA28-4DD6-AC5C-727B7634FDB7}.Debug|Any CPU.Build.0 = Debug|Any CPU
		{63CCC61D-BA28-4DD6-AC5C-727B7634FDB7}.Release|Any CPU.ActiveCfg = Release|Any CPU
		{63CCC61D-BA28-4DD6-AC5C-727B7634FDB7}.Release|Any CPU.Build.0 = Release|Any CPU
		{96D6511C-D60A-4CC0-813E-16B684BFB281}.Debug|Any CPU.ActiveCfg = Debug|Any CPU
		{96D6511C-D60A-4CC0-813E-16B684BFB281}.Debug|Any CPU.Build.0 = Debug|Any CPU
		{96D6511C-D60A-4CC0-813E-16B684BFB281}.Release|Any CPU.ActiveCfg = Release|Any CPU
		{96D6511C-D60A-4CC0-813E-16B684BFB281}.Release|Any CPU.Build.0 = Release|Any CPU
		{E45590E7-603F-4FFD-984F-1954A9A1C1CA}.Debug|Any CPU.ActiveCfg = Debug|Any CPU
		{E45590E7-603F-4FFD-984F-1954A9A1C1CA}.Debug|Any CPU.Build.0 = Debug|Any CPU
		{E45590E7-603F-4FFD-984F-1954A9A1C1CA}.Release|Any CPU.ActiveCfg = Release|Any CPU
		{E45590E7-603F-4FFD-984F-1954A9A1C1CA}.Release|Any CPU.Build.0 = Release|Any CPU
	EndGlobalSection
	GlobalSection(SolutionProperties) = preSolution
		HideSolutionNode = FALSE
	EndGlobalSection
	GlobalSection(NestedProjects) = preSolution
		{9DFB846F-E47F-4E0C-B759-E5879BC1496A} = {F0D447D3-A270-4E70-AC6B-0DFA63A01DC5}
		{9EEF7420-28FA-4F51-8FB1-092A251A39BA} = {9DFB846F-E47F-4E0C-B759-E5879BC1496A}
		{D4FD7EB2-E5DC-4387-8D70-7A1CF755E83C} = {9DFB846F-E47F-4E0C-B759-E5879BC1496A}
		{E721DB30-B72B-4279-AA15-ACA7655C0C36} = {D4FD7EB2-E5DC-4387-8D70-7A1CF755E83C}
		{A710BD74-E8E7-41B4-BFDD-87197FD8D475} = {9DFB846F-E47F-4E0C-B759-E5879BC1496A}
		{307D4BA7-014E-4ADC-B5CD-338E8F62C05E} = {A710BD74-E8E7-41B4-BFDD-87197FD8D475}
		{BCE53CAD-1695-44DA-9551-034B173F2C4E} = {9EEF7420-28FA-4F51-8FB1-092A251A39BA}
		{AA80FADA-65B1-40B4-948B-8D8E8334453D} = {9DFB846F-E47F-4E0C-B759-E5879BC1496A}
		{9B7490BB-7340-4D98-BB1A-89D33B12AD9D} = {AA80FADA-65B1-40B4-948B-8D8E8334453D}
		{3621DB4D-2A34-4B1D-901D-FF9BA450864D} = {AA80FADA-65B1-40B4-948B-8D8E8334453D}
		{7B4BEFD5-6625-461C-86CC-7359E44F43E4} = {AA80FADA-65B1-40B4-948B-8D8E8334453D}
		{63CCC61D-BA28-4DD6-AC5C-727B7634FDB7} = {63F7B0EA-0D01-4CB3-BDAB-C7E0777D7602}
		{2246184A-3099-42EF-A407-5ABEC85D273E} = {F0D447D3-A270-4E70-AC6B-0DFA63A01DC5}
		{4DE0AEF5-1F31-4C8C-A390-810DB0C2278A} = {2246184A-3099-42EF-A407-5ABEC85D273E}
		{DC037E3A-4272-4C07-BB6B-AA02FAC9C1FC} = {2246184A-3099-42EF-A407-5ABEC85D273E}
		{1F8EDF1A-D747-4176-BA93-EC3096C9F20E} = {2246184A-3099-42EF-A407-5ABEC85D273E}
		{E2D8DB07-6E85-4FC1-8234-7CE00853FAD7} = {2246184A-3099-42EF-A407-5ABEC85D273E}
		{E45590E7-603F-4FFD-984F-1954A9A1C1CA} = {1F8EDF1A-D747-4176-BA93-EC3096C9F20E}
	EndGlobalSection
	GlobalSection(ExtensibilityGlobals) = postSolution
		SolutionGuid = {615EA258-FFB2-45B7-9D73-B482C4E29616}
	EndGlobalSection
EndGlobal
